// !$*UTF8*$!
{
	archiveVersion = 1;
	classes = {
	};
	objectVersion = 56;
	objects = {

/* Begin PBXBuildFile section */
		3209B2912CB08D4400814F7C /* SignInScreen.swift in Sources */ = {isa = PBXBuildFile; fileRef = 3209B2902CB08D4400814F7C /* SignInScreen.swift */; };
		32152D692CC8101A00F7AC37 /* OrderOptionsScreen.swift in Sources */ = {isa = PBXBuildFile; fileRef = 32152D682CC8101A00F7AC37 /* OrderOptionsScreen.swift */; };
		321D48142CAF6098007A0B20 /* CuppaJoyApp.swift in Sources */ = {isa = PBXBuildFile; fileRef = 321D48132CAF6098007A0B20 /* CuppaJoyApp.swift */; };
		321D48182CAF6099007A0B20 /* Assets.xcassets in Resources */ = {isa = PBXBuildFile; fileRef = 321D48172CAF6099007A0B20 /* Assets.xcassets */; };
		321D481B2CAF6099007A0B20 /* Preview Assets.xcassets in Resources */ = {isa = PBXBuildFile; fileRef = 321D481A2CAF6099007A0B20 /* Preview Assets.xcassets */; };
		32325EE02CB2B9490048E557 /* CSTextField.swift in Sources */ = {isa = PBXBuildFile; fileRef = 32325EDF2CB2B9490048E557 /* CSTextField.swift */; };
		32325EE22CB2C3EB0048E557 /* SignUpScreen.swift in Sources */ = {isa = PBXBuildFile; fileRef = 32325EE12CB2C3EB0048E557 /* SignUpScreen.swift */; };
		326108402CBAD3B10072D238 /* HomeScreen.swift in Sources */ = {isa = PBXBuildFile; fileRef = 3261083F2CBAD3B10072D238 /* HomeScreen.swift */; };
		3293AC952CC7166A00A9A9B5 /* OrderReceiptCell.swift in Sources */ = {isa = PBXBuildFile; fileRef = 3293AC942CC7166A00A9A9B5 /* OrderReceiptCell.swift */; };
		32E73B242CBB091700730A1A /* CSButton.swift in Sources */ = {isa = PBXBuildFile; fileRef = 32E73B232CBB091700730A1A /* CSButton.swift */; };
		32EA86CF2CB62588003E774D /* ReturnButton.swift in Sources */ = {isa = PBXBuildFile; fileRef = 32EA86CE2CB62588003E774D /* ReturnButton.swift */; };
		32FF43AB2CC6CC9E001C0E0C /* ProfileScreen.swift in Sources */ = {isa = PBXBuildFile; fileRef = 32FF43AA2CC6CC9E001C0E0C /* ProfileScreen.swift */; };
		32FF43AF2CC6CDF3001C0E0C /* RewardsScreen.swift in Sources */ = {isa = PBXBuildFile; fileRef = 32FF43AE2CC6CDF3001C0E0C /* RewardsScreen.swift */; };
		32FF43BB2CC6FA35001C0E0C /* EntryPoint.swift in Sources */ = {isa = PBXBuildFile; fileRef = 32FF43BA2CC6FA35001C0E0C /* EntryPoint.swift */; };
		50288ACA2CF7E73300DA7304 /* CoffeeSelectionView.swift in Sources */ = {isa = PBXBuildFile; fileRef = 50288AC92CF7E73300DA7304 /* CoffeeSelectionView.swift */; };
		503F0B7A2CCDB41A00769C9B /* CompletedOrderScreen.swift in Sources */ = {isa = PBXBuildFile; fileRef = 503F0B792CCDB41A00769C9B /* CompletedOrderScreen.swift */; };
		50DFA8132D046D840058A4D4 /* UIWindow+Extension.swift in Sources */ = {isa = PBXBuildFile; fileRef = 50DFA8122D046D840058A4D4 /* UIWindow+Extension.swift */; };
		50DFA8172D0476560058A4D4 /* CoffeeTypePicker.swift in Sources */ = {isa = PBXBuildFile; fileRef = 50DFA8162D0476560058A4D4 /* CoffeeTypePicker.swift */; };
		50DFA81B2D04768D0058A4D4 /* MilkPicker.swift in Sources */ = {isa = PBXBuildFile; fileRef = 50DFA81A2D04768D0058A4D4 /* MilkPicker.swift */; };
		50DFA81D2D04769E0058A4D4 /* SyrupPicker.swift in Sources */ = {isa = PBXBuildFile; fileRef = 50DFA81C2D04769E0058A4D4 /* SyrupPicker.swift */; };
		50DFA81F2D0476AD0058A4D4 /* AdditivePicker.swift in Sources */ = {isa = PBXBuildFile; fileRef = 50DFA81E2D0476AD0058A4D4 /* AdditivePicker.swift */; };
		50DFA8212D0476BD0058A4D4 /* IceCubePicker.swift in Sources */ = {isa = PBXBuildFile; fileRef = 50DFA8202D0476BD0058A4D4 /* IceCubePicker.swift */; };
		50DFA8232D04AC660058A4D4 /* HomeHeaderView.swift in Sources */ = {isa = PBXBuildFile; fileRef = 50DFA8222D04AC660058A4D4 /* HomeHeaderView.swift */; };
		50DFA82D2D04FB7F0058A4D4 /* Coffee.swift in Sources */ = {isa = PBXBuildFile; fileRef = 50DFA82C2D04FB7F0058A4D4 /* Coffee.swift */; };
		D11435302D2EB790007078D9 /* ApplePaySheet.swift in Sources */ = {isa = PBXBuildFile; fileRef = D114352F2D2EB790007078D9 /* ApplePaySheet.swift */; };
		D1426EE72D4E5D5E00C78FE0 /* UIApplication+Extension.swift in Sources */ = {isa = PBXBuildFile; fileRef = D1426EE62D4E5D5D00C78FE0 /* UIApplication+Extension.swift */; };
		D1490D712D45652900230C54 /* PaymentOptionList.swift in Sources */ = {isa = PBXBuildFile; fileRef = D1490D702D45652900230C54 /* PaymentOptionList.swift */; };
		D174204A2D3D532D00FE1E2B /* OnboardingPage.swift in Sources */ = {isa = PBXBuildFile; fileRef = D17420492D3D532D00FE1E2B /* OnboardingPage.swift */; };
		D181356B2D4502BE00F77824 /* DismissButton.swift in Sources */ = {isa = PBXBuildFile; fileRef = D181356A2D4502BE00F77824 /* DismissButton.swift */; };
		D182F4A72D325A8C00A113E8 /* OnboardingScreen.swift in Sources */ = {isa = PBXBuildFile; fileRef = D182F4A62D325A8C00A113E8 /* OnboardingScreen.swift */; };
		D1A24CBF2D26512800B1632E /* PaymentOptionScreen.swift in Sources */ = {isa = PBXBuildFile; fileRef = D1A24CBE2D26512800B1632E /* PaymentOptionScreen.swift */; };
		D1A2A9852D317D1200C9C17C /* AuthHeaderView.swift in Sources */ = {isa = PBXBuildFile; fileRef = D1A2A9842D317D1200C9C17C /* AuthHeaderView.swift */; };
		D1BD90302D45746900F43A54 /* PaymentOptionContainer.swift in Sources */ = {isa = PBXBuildFile; fileRef = D1BD902F2D45746900F43A54 /* PaymentOptionContainer.swift */; };
		D1C859B62D20A55000DDB941 /* CoffeeCell.swift in Sources */ = {isa = PBXBuildFile; fileRef = D1C859B52D20A55000DDB941 /* CoffeeCell.swift */; };
		D1C859BE2D20B80700DDB941 /* PendingOrderScreen.swift in Sources */ = {isa = PBXBuildFile; fileRef = D1C859BD2D20B80700DDB941 /* PendingOrderScreen.swift */; };
		D1C859C12D20B87400DDB941 /* PendingOrderCell.swift in Sources */ = {isa = PBXBuildFile; fileRef = D1C859C02D20B87400DDB941 /* PendingOrderCell.swift */; };
		D1CD6C3B2D274B11007FF006 /* OrderStatusScreen.swift in Sources */ = {isa = PBXBuildFile; fileRef = D1CD6C3A2D274B11007FF006 /* OrderStatusScreen.swift */; };
		D1E497D52D2BE14900ACBB56 /* QuantityCell.swift in Sources */ = {isa = PBXBuildFile; fileRef = D1E497D42D2BE14900ACBB56 /* QuantityCell.swift */; };
		D1E497D72D2BE36900ACBB56 /* CupSizeCell.swift in Sources */ = {isa = PBXBuildFile; fileRef = D1E497D62D2BE36900ACBB56 /* CupSizeCell.swift */; };
		D1EC2FFC2D2637FA008E8265 /* Color+Extension.swift in Sources */ = {isa = PBXBuildFile; fileRef = D1EC2FFB2D2637FA008E8265 /* Color+Extension.swift */; };
/* End PBXBuildFile section */

/* Begin PBXFileReference section */
		3209B2902CB08D4400814F7C /* SignInScreen.swift */ = {isa = PBXFileReference; lastKnownFileType = sourcecode.swift; path = SignInScreen.swift; sourceTree = "<group>"; };
		32152D682CC8101A00F7AC37 /* OrderOptionsScreen.swift */ = {isa = PBXFileReference; lastKnownFileType = sourcecode.swift; path = OrderOptionsScreen.swift; sourceTree = "<group>"; };
		321D48102CAF6098007A0B20 /* CuppaJoy.app */ = {isa = PBXFileReference; explicitFileType = wrapper.application; includeInIndex = 0; path = CuppaJoy.app; sourceTree = BUILT_PRODUCTS_DIR; };
		321D48132CAF6098007A0B20 /* CuppaJoyApp.swift */ = {isa = PBXFileReference; lastKnownFileType = sourcecode.swift; path = CuppaJoyApp.swift; sourceTree = "<group>"; };
		321D48172CAF6099007A0B20 /* Assets.xcassets */ = {isa = PBXFileReference; lastKnownFileType = folder.assetcatalog; path = Assets.xcassets; sourceTree = "<group>"; };
		321D481A2CAF6099007A0B20 /* Preview Assets.xcassets */ = {isa = PBXFileReference; lastKnownFileType = folder.assetcatalog; path = "Preview Assets.xcassets"; sourceTree = "<group>"; };
		32325EDF2CB2B9490048E557 /* CSTextField.swift */ = {isa = PBXFileReference; lastKnownFileType = sourcecode.swift; path = CSTextField.swift; sourceTree = "<group>"; };
		32325EE12CB2C3EB0048E557 /* SignUpScreen.swift */ = {isa = PBXFileReference; lastKnownFileType = sourcecode.swift; path = SignUpScreen.swift; sourceTree = "<group>"; };
		324A9FD22CB0BB56007F6998 /* Info.plist */ = {isa = PBXFileReference; lastKnownFileType = text.plist.xml; path = Info.plist; sourceTree = "<group>"; };
		3261083F2CBAD3B10072D238 /* HomeScreen.swift */ = {isa = PBXFileReference; lastKnownFileType = sourcecode.swift; path = HomeScreen.swift; sourceTree = "<group>"; };
		3293AC942CC7166A00A9A9B5 /* OrderReceiptCell.swift */ = {isa = PBXFileReference; lastKnownFileType = sourcecode.swift; path = OrderReceiptCell.swift; sourceTree = "<group>"; };
		32E73B232CBB091700730A1A /* CSButton.swift */ = {isa = PBXFileReference; lastKnownFileType = sourcecode.swift; path = CSButton.swift; sourceTree = "<group>"; };
		32EA86CE2CB62588003E774D /* ReturnButton.swift */ = {isa = PBXFileReference; lastKnownFileType = sourcecode.swift; path = ReturnButton.swift; sourceTree = "<group>"; };
		32FF43AA2CC6CC9E001C0E0C /* ProfileScreen.swift */ = {isa = PBXFileReference; lastKnownFileType = sourcecode.swift; path = ProfileScreen.swift; sourceTree = "<group>"; };
		32FF43AE2CC6CDF3001C0E0C /* RewardsScreen.swift */ = {isa = PBXFileReference; lastKnownFileType = sourcecode.swift; path = RewardsScreen.swift; sourceTree = "<group>"; };
		32FF43BA2CC6FA35001C0E0C /* EntryPoint.swift */ = {isa = PBXFileReference; lastKnownFileType = sourcecode.swift; path = EntryPoint.swift; sourceTree = "<group>"; };
		50288AC92CF7E73300DA7304 /* CoffeeSelectionView.swift */ = {isa = PBXFileReference; lastKnownFileType = sourcecode.swift; path = CoffeeSelectionView.swift; sourceTree = "<group>"; };
		503F0B792CCDB41A00769C9B /* CompletedOrderScreen.swift */ = {isa = PBXFileReference; lastKnownFileType = sourcecode.swift; path = CompletedOrderScreen.swift; sourceTree = "<group>"; };
		50DFA8122D046D840058A4D4 /* UIWindow+Extension.swift */ = {isa = PBXFileReference; lastKnownFileType = sourcecode.swift; path = "UIWindow+Extension.swift"; sourceTree = "<group>"; };
		50DFA8162D0476560058A4D4 /* CoffeeTypePicker.swift */ = {isa = PBXFileReference; lastKnownFileType = sourcecode.swift; path = CoffeeTypePicker.swift; sourceTree = "<group>"; };
		50DFA81A2D04768D0058A4D4 /* MilkPicker.swift */ = {isa = PBXFileReference; lastKnownFileType = sourcecode.swift; path = MilkPicker.swift; sourceTree = "<group>"; };
		50DFA81C2D04769E0058A4D4 /* SyrupPicker.swift */ = {isa = PBXFileReference; lastKnownFileType = sourcecode.swift; path = SyrupPicker.swift; sourceTree = "<group>"; };
		50DFA81E2D0476AD0058A4D4 /* AdditivePicker.swift */ = {isa = PBXFileReference; lastKnownFileType = sourcecode.swift; path = AdditivePicker.swift; sourceTree = "<group>"; };
		50DFA8202D0476BD0058A4D4 /* IceCubePicker.swift */ = {isa = PBXFileReference; lastKnownFileType = sourcecode.swift; path = IceCubePicker.swift; sourceTree = "<group>"; };
		50DFA8222D04AC660058A4D4 /* HomeHeaderView.swift */ = {isa = PBXFileReference; lastKnownFileType = sourcecode.swift; path = HomeHeaderView.swift; sourceTree = "<group>"; };
		50DFA82C2D04FB7F0058A4D4 /* Coffee.swift */ = {isa = PBXFileReference; lastKnownFileType = sourcecode.swift; path = Coffee.swift; sourceTree = "<group>"; };
		D114352F2D2EB790007078D9 /* ApplePaySheet.swift */ = {isa = PBXFileReference; lastKnownFileType = sourcecode.swift; path = ApplePaySheet.swift; sourceTree = "<group>"; };
		D1426EE62D4E5D5D00C78FE0 /* UIApplication+Extension.swift */ = {isa = PBXFileReference; lastKnownFileType = sourcecode.swift; path = "UIApplication+Extension.swift"; sourceTree = "<group>"; };
		D1490D702D45652900230C54 /* PaymentOptionList.swift */ = {isa = PBXFileReference; lastKnownFileType = sourcecode.swift; path = PaymentOptionList.swift; sourceTree = "<group>"; };
		D17420492D3D532D00FE1E2B /* OnboardingPage.swift */ = {isa = PBXFileReference; lastKnownFileType = sourcecode.swift; path = OnboardingPage.swift; sourceTree = "<group>"; };
		D181356A2D4502BE00F77824 /* DismissButton.swift */ = {isa = PBXFileReference; lastKnownFileType = sourcecode.swift; path = DismissButton.swift; sourceTree = "<group>"; };
		D182F4A62D325A8C00A113E8 /* OnboardingScreen.swift */ = {isa = PBXFileReference; lastKnownFileType = sourcecode.swift; path = OnboardingScreen.swift; sourceTree = "<group>"; };
		D1A24CBE2D26512800B1632E /* PaymentOptionScreen.swift */ = {isa = PBXFileReference; lastKnownFileType = sourcecode.swift; path = PaymentOptionScreen.swift; sourceTree = "<group>"; };
		D1A2A9842D317D1200C9C17C /* AuthHeaderView.swift */ = {isa = PBXFileReference; lastKnownFileType = sourcecode.swift; path = AuthHeaderView.swift; sourceTree = "<group>"; };
		D1BD902F2D45746900F43A54 /* PaymentOptionContainer.swift */ = {isa = PBXFileReference; lastKnownFileType = sourcecode.swift; path = PaymentOptionContainer.swift; sourceTree = "<group>"; };
		D1C859B52D20A55000DDB941 /* CoffeeCell.swift */ = {isa = PBXFileReference; lastKnownFileType = sourcecode.swift; path = CoffeeCell.swift; sourceTree = "<group>"; };
		D1C859BD2D20B80700DDB941 /* PendingOrderScreen.swift */ = {isa = PBXFileReference; lastKnownFileType = sourcecode.swift; path = PendingOrderScreen.swift; sourceTree = "<group>"; };
		D1C859C02D20B87400DDB941 /* PendingOrderCell.swift */ = {isa = PBXFileReference; lastKnownFileType = sourcecode.swift; path = PendingOrderCell.swift; sourceTree = "<group>"; };
		D1CD6C3A2D274B11007FF006 /* OrderStatusScreen.swift */ = {isa = PBXFileReference; lastKnownFileType = sourcecode.swift; path = OrderStatusScreen.swift; sourceTree = "<group>"; };
		D1E497D42D2BE14900ACBB56 /* QuantityCell.swift */ = {isa = PBXFileReference; lastKnownFileType = sourcecode.swift; path = QuantityCell.swift; sourceTree = "<group>"; };
		D1E497D62D2BE36900ACBB56 /* CupSizeCell.swift */ = {isa = PBXFileReference; lastKnownFileType = sourcecode.swift; path = CupSizeCell.swift; sourceTree = "<group>"; };
		D1EC2FFB2D2637FA008E8265 /* Color+Extension.swift */ = {isa = PBXFileReference; lastKnownFileType = sourcecode.swift; path = "Color+Extension.swift"; sourceTree = "<group>"; };
/* End PBXFileReference section */

/* Begin PBXFrameworksBuildPhase section */
		321D480D2CAF6098007A0B20 /* Frameworks */ = {
			isa = PBXFrameworksBuildPhase;
			buildActionMask = 2147483647;
			files = (
			);
			runOnlyForDeploymentPostprocessing = 0;
		};
/* End PBXFrameworksBuildPhase section */

/* Begin PBXGroup section */
		321D48072CAF6098007A0B20 = {
			isa = PBXGroup;
			children = (
				321D48122CAF6098007A0B20 /* CuppaJoy */,
				321D48112CAF6098007A0B20 /* Products */,
			);
			sourceTree = "<group>";
		};
		321D48112CAF6098007A0B20 /* Products */ = {
			isa = PBXGroup;
			children = (
				321D48102CAF6098007A0B20 /* CuppaJoy.app */,
			);
			name = Products;
			sourceTree = "<group>";
		};
		321D48122CAF6098007A0B20 /* CuppaJoy */ = {
			isa = PBXGroup;
			children = (
				D1C859CE2D20BD3C00DDB941 /* App */,
				32325EDE2CB2B7350048E557 /* Views */,
				D1C859CF2D20BE2400DDB941 /* Shared */,
			);
			path = CuppaJoy;
			sourceTree = "<group>";
		};
		321D48192CAF6099007A0B20 /* Preview Content */ = {
			isa = PBXGroup;
			children = (
				321D481A2CAF6099007A0B20 /* Preview Assets.xcassets */,
			);
			path = "Preview Content";
			sourceTree = "<group>";
		};
		32325EDE2CB2B7350048E557 /* Views */ = {
			isa = PBXGroup;
			children = (
				32FF43B62CC6F973001C0E0C /* Screens */,
				D1C859D22D20C00000DDB941 /* Components */,
			);
			path = Views;
			sourceTree = "<group>";
		};
		3239D8FA2CB22BE50094D38B /* Extensions */ = {
			isa = PBXGroup;
			children = (
				50DFA8122D046D840058A4D4 /* UIWindow+Extension.swift */,
				D1EC2FFB2D2637FA008E8265 /* Color+Extension.swift */,
				D1426EE62D4E5D5D00C78FE0 /* UIApplication+Extension.swift */,
			);
			path = Extensions;
			sourceTree = "<group>";
		};
		32FF43A72CC6C742001C0E0C /* Authentication */ = {
			isa = PBXGroup;
			children = (
				3209B2902CB08D4400814F7C /* SignInScreen.swift */,
				32325EE12CB2C3EB0048E557 /* SignUpScreen.swift */,
				D1A2A9842D317D1200C9C17C /* AuthHeaderView.swift */,
			);
			path = Authentication;
			sourceTree = "<group>";
		};
		32FF43AC2CC6CDA3001C0E0C /* Home */ = {
			isa = PBXGroup;
			children = (
				3261083F2CBAD3B10072D238 /* HomeScreen.swift */,
				50DFA8222D04AC660058A4D4 /* HomeHeaderView.swift */,
			);
			path = Home;
			sourceTree = "<group>";
		};
		32FF43AD2CC6CDB4001C0E0C /* Rewards */ = {
			isa = PBXGroup;
			children = (
				32FF43AE2CC6CDF3001C0E0C /* RewardsScreen.swift */,
			);
			path = Rewards;
			sourceTree = "<group>";
		};
		32FF43B42CC6F92A001C0E0C /* TextField */ = {
			isa = PBXGroup;
			children = (
				32325EDF2CB2B9490048E557 /* CSTextField.swift */,
			);
			path = TextField;
			sourceTree = "<group>";
		};
		32FF43B62CC6F973001C0E0C /* Screens */ = {
			isa = PBXGroup;
			children = (
				D177E1A92D339DC10055658D /* Onboarding */,
				32FF43A72CC6C742001C0E0C /* Authentication */,
				32FF43AC2CC6CDA3001C0E0C /* Home */,
				32FF43AD2CC6CDB4001C0E0C /* Rewards */,
				32FF43C22CC6FB05001C0E0C /* Orders */,
				50482B2D2D00D7A2006AE77A /* Profile */,
				50DFA82F2D0509260058A4D4 /* Coffee */,
			);
			path = Screens;
			sourceTree = "<group>";
		};
		32FF43B72CC6F98C001C0E0C /* Buttons */ = {
			isa = PBXGroup;
			children = (
				32E73B232CBB091700730A1A /* CSButton.swift */,
				32EA86CE2CB62588003E774D /* ReturnButton.swift */,
				D181356A2D4502BE00F77824 /* DismissButton.swift */,
			);
			path = Buttons;
			sourceTree = "<group>";
		};
		32FF43C22CC6FB05001C0E0C /* Orders */ = {
			isa = PBXGroup;
			children = (
				D1C859B82D20A6A500DDB941 /* OrderOptions */,
				D1A24CC42D265ACA00B1632E /* PendingOrder */,
				D1C859B92D20A6C800DDB941 /* OrderStatus */,
				D1CD6C392D273CC3007FF006 /* Payment */,
			);
			path = Orders;
			sourceTree = "<group>";
		};
		50482B2D2D00D7A2006AE77A /* Profile */ = {
			isa = PBXGroup;
			children = (
				32FF43AA2CC6CC9E001C0E0C /* ProfileScreen.swift */,
			);
			path = Profile;
			sourceTree = "<group>";
		};
		50D4C60B2CFE1057004C584C /* Assembler */ = {
			isa = PBXGroup;
			children = (
				D1E497D42D2BE14900ACBB56 /* QuantityCell.swift */,
				D1E497D62D2BE36900ACBB56 /* CupSizeCell.swift */,
				50DFA8162D0476560058A4D4 /* CoffeeTypePicker.swift */,
				50DFA81A2D04768D0058A4D4 /* MilkPicker.swift */,
				50DFA81C2D04769E0058A4D4 /* SyrupPicker.swift */,
				50DFA81E2D0476AD0058A4D4 /* AdditivePicker.swift */,
				50DFA8202D0476BD0058A4D4 /* IceCubePicker.swift */,
			);
			path = Assembler;
			sourceTree = "<group>";
		};
		50DFA82F2D0509260058A4D4 /* Coffee */ = {
			isa = PBXGroup;
			children = (
				D1C859B72D20A56900DDB941 /* SelectionView */,
				50DFA82C2D04FB7F0058A4D4 /* Coffee.swift */,
			);
			path = Coffee;
			sourceTree = "<group>";
		};
		D177E1A92D339DC10055658D /* Onboarding */ = {
			isa = PBXGroup;
			children = (
				D182F4A62D325A8C00A113E8 /* OnboardingScreen.swift */,
				D17420492D3D532D00FE1E2B /* OnboardingPage.swift */,
			);
			path = Onboarding;
			sourceTree = "<group>";
		};
		D1A24CC42D265ACA00B1632E /* PendingOrder */ = {
			isa = PBXGroup;
			children = (
				D1C859BD2D20B80700DDB941 /* PendingOrderScreen.swift */,
				D1C859C02D20B87400DDB941 /* PendingOrderCell.swift */,
			);
			path = PendingOrder;
			sourceTree = "<group>";
		};
		D1C859B72D20A56900DDB941 /* SelectionView */ = {
			isa = PBXGroup;
			children = (
				50288AC92CF7E73300DA7304 /* CoffeeSelectionView.swift */,
				D1C859B52D20A55000DDB941 /* CoffeeCell.swift */,
			);
			path = SelectionView;
			sourceTree = "<group>";
		};
		D1C859B82D20A6A500DDB941 /* OrderOptions */ = {
			isa = PBXGroup;
			children = (
				32152D682CC8101A00F7AC37 /* OrderOptionsScreen.swift */,
				503F0B792CCDB41A00769C9B /* CompletedOrderScreen.swift */,
				50D4C60B2CFE1057004C584C /* Assembler */,
			);
			path = OrderOptions;
			sourceTree = "<group>";
		};
		D1C859B92D20A6C800DDB941 /* OrderStatus */ = {
			isa = PBXGroup;
			children = (
				D1CD6C3A2D274B11007FF006 /* OrderStatusScreen.swift */,
				3293AC942CC7166A00A9A9B5 /* OrderReceiptCell.swift */,
			);
			path = OrderStatus;
			sourceTree = "<group>";
		};
		D1C859CE2D20BD3C00DDB941 /* App */ = {
			isa = PBXGroup;
			children = (
				32FF43BA2CC6FA35001C0E0C /* EntryPoint.swift */,
				321D48132CAF6098007A0B20 /* CuppaJoyApp.swift */,
				324A9FD22CB0BB56007F6998 /* Info.plist */,
			);
			path = App;
			sourceTree = "<group>";
		};
		D1C859CF2D20BE2400DDB941 /* Shared */ = {
			isa = PBXGroup;
			children = (
				3239D8FA2CB22BE50094D38B /* Extensions */,
				D1C859D12D20BEEC00DDB941 /* Assets */,
			);
			path = Shared;
			sourceTree = "<group>";
		};
		D1C859D12D20BEEC00DDB941 /* Assets */ = {
			isa = PBXGroup;
			children = (
				321D48172CAF6099007A0B20 /* Assets.xcassets */,
				321D48192CAF6099007A0B20 /* Preview Content */,
			);
			path = Assets;
			sourceTree = "<group>";
		};
		D1C859D22D20C00000DDB941 /* Components */ = {
			isa = PBXGroup;
			children = (
				32FF43B72CC6F98C001C0E0C /* Buttons */,
				32FF43B42CC6F92A001C0E0C /* TextField */,
			);
			path = Components;
			sourceTree = "<group>";
		};
		D1CD6C392D273CC3007FF006 /* Payment */ = {
			isa = PBXGroup;
			children = (
				D1A24CBE2D26512800B1632E /* PaymentOptionScreen.swift */,
				D1BD902F2D45746900F43A54 /* PaymentOptionContainer.swift */,
				D1490D702D45652900230C54 /* PaymentOptionList.swift */,
				D114352F2D2EB790007078D9 /* ApplePaySheet.swift */,
			);
			path = Payment;
			sourceTree = "<group>";
		};
/* End PBXGroup section */

/* Begin PBXNativeTarget section */
		321D480F2CAF6098007A0B20 /* CuppaJoy */ = {
			isa = PBXNativeTarget;
			buildConfigurationList = 321D481E2CAF6099007A0B20 /* Build configuration list for PBXNativeTarget "CuppaJoy" */;
			buildPhases = (
				321D480C2CAF6098007A0B20 /* Sources */,
				321D480D2CAF6098007A0B20 /* Frameworks */,
				321D480E2CAF6098007A0B20 /* Resources */,
			);
			buildRules = (
			);
			dependencies = (
			);
			name = CuppaJoy;
			productName = CuppaJoy;
			productReference = 321D48102CAF6098007A0B20 /* CuppaJoy.app */;
			productType = "com.apple.product-type.application";
		};
/* End PBXNativeTarget section */

/* Begin PBXProject section */
		321D48082CAF6098007A0B20 /* Project object */ = {
			isa = PBXProject;
			attributes = {
				BuildIndependentTargetsInParallel = 1;
				LastSwiftUpdateCheck = 1540;
				LastUpgradeCheck = 1540;
				TargetAttributes = {
					321D480F2CAF6098007A0B20 = {
						CreatedOnToolsVersion = 15.4;
					};
				};
			};
			buildConfigurationList = 321D480B2CAF6098007A0B20 /* Build configuration list for PBXProject "CuppaJoy" */;
			compatibilityVersion = "Xcode 14.0";
			developmentRegion = en;
			hasScannedForEncodings = 0;
			knownRegions = (
				en,
				Base,
			);
			mainGroup = 321D48072CAF6098007A0B20;
			productRefGroup = 321D48112CAF6098007A0B20 /* Products */;
			projectDirPath = "";
			projectRoot = "";
			targets = (
				321D480F2CAF6098007A0B20 /* CuppaJoy */,
			);
		};
/* End PBXProject section */

/* Begin PBXResourcesBuildPhase section */
		321D480E2CAF6098007A0B20 /* Resources */ = {
			isa = PBXResourcesBuildPhase;
			buildActionMask = 2147483647;
			files = (
				321D481B2CAF6099007A0B20 /* Preview Assets.xcassets in Resources */,
				321D48182CAF6099007A0B20 /* Assets.xcassets in Resources */,
			);
			runOnlyForDeploymentPostprocessing = 0;
		};
/* End PBXResourcesBuildPhase section */

/* Begin PBXSourcesBuildPhase section */
		321D480C2CAF6098007A0B20 /* Sources */ = {
			isa = PBXSourcesBuildPhase;
			buildActionMask = 2147483647;
			files = (
				D1A24CBF2D26512800B1632E /* PaymentOptionScreen.swift in Sources */,
				50DFA81D2D04769E0058A4D4 /* SyrupPicker.swift in Sources */,
				32FF43AF2CC6CDF3001C0E0C /* RewardsScreen.swift in Sources */,
				50DFA8232D04AC660058A4D4 /* HomeHeaderView.swift in Sources */,
				50DFA81B2D04768D0058A4D4 /* MilkPicker.swift in Sources */,
				321D48142CAF6098007A0B20 /* CuppaJoyApp.swift in Sources */,
				D182F4A72D325A8C00A113E8 /* OnboardingScreen.swift in Sources */,
				D1E497D72D2BE36900ACBB56 /* CupSizeCell.swift in Sources */,
				50DFA8132D046D840058A4D4 /* UIWindow+Extension.swift in Sources */,
				D174204A2D3D532D00FE1E2B /* OnboardingPage.swift in Sources */,
				32EA86CF2CB62588003E774D /* ReturnButton.swift in Sources */,
				D1E497D52D2BE14900ACBB56 /* QuantityCell.swift in Sources */,
				32152D692CC8101A00F7AC37 /* OrderOptionsScreen.swift in Sources */,
				503F0B7A2CCDB41A00769C9B /* CompletedOrderScreen.swift in Sources */,
				D1C859B62D20A55000DDB941 /* CoffeeCell.swift in Sources */,
				50DFA8172D0476560058A4D4 /* CoffeeTypePicker.swift in Sources */,
				D1490D712D45652900230C54 /* PaymentOptionList.swift in Sources */,
				3293AC952CC7166A00A9A9B5 /* OrderReceiptCell.swift in Sources */,
				3209B2912CB08D4400814F7C /* SignInScreen.swift in Sources */,
				50DFA81F2D0476AD0058A4D4 /* AdditivePicker.swift in Sources */,
				50288ACA2CF7E73300DA7304 /* CoffeeSelectionView.swift in Sources */,
				32E73B242CBB091700730A1A /* CSButton.swift in Sources */,
				D1A2A9852D317D1200C9C17C /* AuthHeaderView.swift in Sources */,
				D1EC2FFC2D2637FA008E8265 /* Color+Extension.swift in Sources */,
				32FF43BB2CC6FA35001C0E0C /* EntryPoint.swift in Sources */,
				32FF43AB2CC6CC9E001C0E0C /* ProfileScreen.swift in Sources */,
				326108402CBAD3B10072D238 /* HomeScreen.swift in Sources */,
				D1CD6C3B2D274B11007FF006 /* OrderStatusScreen.swift in Sources */,
				D181356B2D4502BE00F77824 /* DismissButton.swift in Sources */,
				32325EE02CB2B9490048E557 /* CSTextField.swift in Sources */,
				D1426EE72D4E5D5E00C78FE0 /* UIApplication+Extension.swift in Sources */,
				D1C859C12D20B87400DDB941 /* PendingOrderCell.swift in Sources */,
				50DFA8212D0476BD0058A4D4 /* IceCubePicker.swift in Sources */,
				D11435302D2EB790007078D9 /* ApplePaySheet.swift in Sources */,
				32325EE22CB2C3EB0048E557 /* SignUpScreen.swift in Sources */,
				D1C859BE2D20B80700DDB941 /* PendingOrderScreen.swift in Sources */,
				D1BD90302D45746900F43A54 /* PaymentOptionContainer.swift in Sources */,
				50DFA82D2D04FB7F0058A4D4 /* Coffee.swift in Sources */,
			);
			runOnlyForDeploymentPostprocessing = 0;
		};
/* End PBXSourcesBuildPhase section */

/* Begin XCBuildConfiguration section */
		321D481C2CAF6099007A0B20 /* Debug */ = {
			isa = XCBuildConfiguration;
			buildSettings = {
				ALWAYS_SEARCH_USER_PATHS = NO;
				ASSETCATALOG_COMPILER_GENERATE_SWIFT_ASSET_SYMBOL_EXTENSIONS = YES;
				CLANG_ANALYZER_NONNULL = YES;
				CLANG_ANALYZER_NUMBER_OBJECT_CONVERSION = YES_AGGRESSIVE;
				CLANG_CXX_LANGUAGE_STANDARD = "gnu++20";
				CLANG_ENABLE_MODULES = YES;
				CLANG_ENABLE_OBJC_ARC = YES;
				CLANG_ENABLE_OBJC_WEAK = YES;
				CLANG_WARN_BLOCK_CAPTURE_AUTORELEASING = YES;
				CLANG_WARN_BOOL_CONVERSION = YES;
				CLANG_WARN_COMMA = YES;
				CLANG_WARN_CONSTANT_CONVERSION = YES;
				CLANG_WARN_DEPRECATED_OBJC_IMPLEMENTATIONS = YES;
				CLANG_WARN_DIRECT_OBJC_ISA_USAGE = YES_ERROR;
				CLANG_WARN_DOCUMENTATION_COMMENTS = YES;
				CLANG_WARN_EMPTY_BODY = YES;
				CLANG_WARN_ENUM_CONVERSION = YES;
				CLANG_WARN_INFINITE_RECURSION = YES;
				CLANG_WARN_INT_CONVERSION = YES;
				CLANG_WARN_NON_LITERAL_NULL_CONVERSION = YES;
				CLANG_WARN_OBJC_IMPLICIT_RETAIN_SELF = YES;
				CLANG_WARN_OBJC_LITERAL_CONVERSION = YES;
				CLANG_WARN_OBJC_ROOT_CLASS = YES_ERROR;
				CLANG_WARN_QUOTED_INCLUDE_IN_FRAMEWORK_HEADER = YES;
				CLANG_WARN_RANGE_LOOP_ANALYSIS = YES;
				CLANG_WARN_STRICT_PROTOTYPES = YES;
				CLANG_WARN_SUSPICIOUS_MOVE = YES;
				CLANG_WARN_UNGUARDED_AVAILABILITY = YES_AGGRESSIVE;
				CLANG_WARN_UNREACHABLE_CODE = YES;
				CLANG_WARN__DUPLICATE_METHOD_MATCH = YES;
				COPY_PHASE_STRIP = NO;
				DEBUG_INFORMATION_FORMAT = dwarf;
				ENABLE_STRICT_OBJC_MSGSEND = YES;
				ENABLE_TESTABILITY = YES;
				ENABLE_USER_SCRIPT_SANDBOXING = YES;
				GCC_C_LANGUAGE_STANDARD = gnu17;
				GCC_DYNAMIC_NO_PIC = NO;
				GCC_NO_COMMON_BLOCKS = YES;
				GCC_OPTIMIZATION_LEVEL = 0;
				GCC_PREPROCESSOR_DEFINITIONS = (
					"DEBUG=1",
					"$(inherited)",
				);
				GCC_WARN_64_TO_32_BIT_CONVERSION = YES;
				GCC_WARN_ABOUT_RETURN_TYPE = YES_ERROR;
				GCC_WARN_UNDECLARED_SELECTOR = YES;
				GCC_WARN_UNINITIALIZED_AUTOS = YES_AGGRESSIVE;
				GCC_WARN_UNUSED_FUNCTION = YES;
				GCC_WARN_UNUSED_VARIABLE = YES;
				IPHONEOS_DEPLOYMENT_TARGET = 17.5;
				LOCALIZATION_PREFERS_STRING_CATALOGS = YES;
				MTL_ENABLE_DEBUG_INFO = INCLUDE_SOURCE;
				MTL_FAST_MATH = YES;
				ONLY_ACTIVE_ARCH = YES;
				SDKROOT = iphoneos;
				SWIFT_ACTIVE_COMPILATION_CONDITIONS = "DEBUG $(inherited)";
				SWIFT_OPTIMIZATION_LEVEL = "-Onone";
			};
			name = Debug;
		};
		321D481D2CAF6099007A0B20 /* Release */ = {
			isa = XCBuildConfiguration;
			buildSettings = {
				ALWAYS_SEARCH_USER_PATHS = NO;
				ASSETCATALOG_COMPILER_GENERATE_SWIFT_ASSET_SYMBOL_EXTENSIONS = YES;
				CLANG_ANALYZER_NONNULL = YES;
				CLANG_ANALYZER_NUMBER_OBJECT_CONVERSION = YES_AGGRESSIVE;
				CLANG_CXX_LANGUAGE_STANDARD = "gnu++20";
				CLANG_ENABLE_MODULES = YES;
				CLANG_ENABLE_OBJC_ARC = YES;
				CLANG_ENABLE_OBJC_WEAK = YES;
				CLANG_WARN_BLOCK_CAPTURE_AUTORELEASING = YES;
				CLANG_WARN_BOOL_CONVERSION = YES;
				CLANG_WARN_COMMA = YES;
				CLANG_WARN_CONSTANT_CONVERSION = YES;
				CLANG_WARN_DEPRECATED_OBJC_IMPLEMENTATIONS = YES;
				CLANG_WARN_DIRECT_OBJC_ISA_USAGE = YES_ERROR;
				CLANG_WARN_DOCUMENTATION_COMMENTS = YES;
				CLANG_WARN_EMPTY_BODY = YES;
				CLANG_WARN_ENUM_CONVERSION = YES;
				CLANG_WARN_INFINITE_RECURSION = YES;
				CLANG_WARN_INT_CONVERSION = YES;
				CLANG_WARN_NON_LITERAL_NULL_CONVERSION = YES;
				CLANG_WARN_OBJC_IMPLICIT_RETAIN_SELF = YES;
				CLANG_WARN_OBJC_LITERAL_CONVERSION = YES;
				CLANG_WARN_OBJC_ROOT_CLASS = YES_ERROR;
				CLANG_WARN_QUOTED_INCLUDE_IN_FRAMEWORK_HEADER = YES;
				CLANG_WARN_RANGE_LOOP_ANALYSIS = YES;
				CLANG_WARN_STRICT_PROTOTYPES = YES;
				CLANG_WARN_SUSPICIOUS_MOVE = YES;
				CLANG_WARN_UNGUARDED_AVAILABILITY = YES_AGGRESSIVE;
				CLANG_WARN_UNREACHABLE_CODE = YES;
				CLANG_WARN__DUPLICATE_METHOD_MATCH = YES;
				COPY_PHASE_STRIP = NO;
				DEBUG_INFORMATION_FORMAT = "dwarf-with-dsym";
				ENABLE_NS_ASSERTIONS = NO;
				ENABLE_STRICT_OBJC_MSGSEND = YES;
				ENABLE_USER_SCRIPT_SANDBOXING = YES;
				GCC_C_LANGUAGE_STANDARD = gnu17;
				GCC_NO_COMMON_BLOCKS = YES;
				GCC_WARN_64_TO_32_BIT_CONVERSION = YES;
				GCC_WARN_ABOUT_RETURN_TYPE = YES_ERROR;
				GCC_WARN_UNDECLARED_SELECTOR = YES;
				GCC_WARN_UNINITIALIZED_AUTOS = YES_AGGRESSIVE;
				GCC_WARN_UNUSED_FUNCTION = YES;
				GCC_WARN_UNUSED_VARIABLE = YES;
				IPHONEOS_DEPLOYMENT_TARGET = 17.5;
				LOCALIZATION_PREFERS_STRING_CATALOGS = YES;
				MTL_ENABLE_DEBUG_INFO = NO;
				MTL_FAST_MATH = YES;
				SDKROOT = iphoneos;
				SWIFT_COMPILATION_MODE = wholemodule;
				VALIDATE_PRODUCT = YES;
			};
			name = Release;
		};
		321D481F2CAF6099007A0B20 /* Debug */ = {
			isa = XCBuildConfiguration;
			buildSettings = {
				ASSETCATALOG_COMPILER_APPICON_NAME = AppIcon;
				ASSETCATALOG_COMPILER_GLOBAL_ACCENT_COLOR_NAME = AccentColor;
				CODE_SIGN_IDENTITY = "Apple Development";
				CODE_SIGN_STYLE = Automatic;
				CURRENT_PROJECT_VERSION = 1;
				DEVELOPMENT_ASSET_PATHS = "\"CuppaJoy/Shared/Assets/Preview Content\"";
				DEVELOPMENT_TEAM = 5C7T379SKG;
				ENABLE_PREVIEWS = YES;
				GENERATE_INFOPLIST_FILE = YES;
				INFOPLIST_FILE = CuppaJoy/App/Info.plist;
				INFOPLIST_KEY_LSApplicationCategoryType = "public.app-category.food-and-drink";
				INFOPLIST_KEY_UIApplicationSceneManifest_Generation = YES;
				INFOPLIST_KEY_UIApplicationSupportsIndirectInputEvents = YES;
				INFOPLIST_KEY_UILaunchScreen_Generation = YES;
				INFOPLIST_KEY_UISupportedInterfaceOrientations = UIInterfaceOrientationPortrait;
				INFOPLIST_KEY_UISupportedInterfaceOrientations_iPad = "UIInterfaceOrientationLandscapeLeft UIInterfaceOrientationLandscapeRight UIInterfaceOrientationPortrait UIInterfaceOrientationPortraitUpsideDown";
				IPHONEOS_DEPLOYMENT_TARGET = 17.6;
				LD_RUNPATH_SEARCH_PATHS = (
					"$(inherited)",
					"@executable_path/Frameworks",
				);
				MARKETING_VERSION = 1.0;
				PRODUCT_BUNDLE_IDENTIFIER = com.alexandr1anov.CuppaJoy;
				PRODUCT_NAME = "$(TARGET_NAME)";
				PROVISIONING_PROFILE_SPECIFIER = "";
				SUPPORTED_PLATFORMS = "iphoneos iphonesimulator";
				SUPPORTS_MACCATALYST = NO;
				SUPPORTS_MAC_DESIGNED_FOR_IPHONE_IPAD = NO;
				SUPPORTS_XR_DESIGNED_FOR_IPHONE_IPAD = NO;
				SWIFT_EMIT_LOC_STRINGS = YES;
				SWIFT_VERSION = 5.0;
				TARGETED_DEVICE_FAMILY = 1;
			};
			name = Debug;
		};
		321D48202CAF6099007A0B20 /* Release */ = {
			isa = XCBuildConfiguration;
			buildSettings = {
				ASSETCATALOG_COMPILER_APPICON_NAME = AppIcon;
				ASSETCATALOG_COMPILER_GLOBAL_ACCENT_COLOR_NAME = AccentColor;
				CODE_SIGN_IDENTITY = "Apple Development";
				CODE_SIGN_STYLE = Automatic;
				CURRENT_PROJECT_VERSION = 1;
				DEVELOPMENT_ASSET_PATHS = "\"CuppaJoy/Shared/Assets/Preview Content\"";
				DEVELOPMENT_TEAM = 5C7T379SKG;
				ENABLE_PREVIEWS = YES;
				GENERATE_INFOPLIST_FILE = YES;
				INFOPLIST_FILE = CuppaJoy/App/Info.plist;
				INFOPLIST_KEY_LSApplicationCategoryType = "public.app-category.food-and-drink";
				INFOPLIST_KEY_UIApplicationSceneManifest_Generation = YES;
				INFOPLIST_KEY_UIApplicationSupportsIndirectInputEvents = YES;
				INFOPLIST_KEY_UILaunchScreen_Generation = YES;
				INFOPLIST_KEY_UISupportedInterfaceOrientations = UIInterfaceOrientationPortrait;
				INFOPLIST_KEY_UISupportedInterfaceOrientations_iPad = "UIInterfaceOrientationLandscapeLeft UIInterfaceOrientationLandscapeRight UIInterfaceOrientationPortrait UIInterfaceOrientationPortraitUpsideDown";
				IPHONEOS_DEPLOYMENT_TARGET = 17.6;
				LD_RUNPATH_SEARCH_PATHS = (
					"$(inherited)",
					"@executable_path/Frameworks",
				);
				MARKETING_VERSION = 1.0;
				PRODUCT_BUNDLE_IDENTIFIER = com.alexandr1anov.CuppaJoy;
				PRODUCT_NAME = "$(TARGET_NAME)";
				PROVISIONING_PROFILE_SPECIFIER = "";
				SUPPORTED_PLATFORMS = "iphoneos iphonesimulator";
				SUPPORTS_MACCATALYST = NO;
				SUPPORTS_MAC_DESIGNED_FOR_IPHONE_IPAD = NO;
				SUPPORTS_XR_DESIGNED_FOR_IPHONE_IPAD = NO;
				SWIFT_EMIT_LOC_STRINGS = YES;
				SWIFT_VERSION = 5.0;
				TARGETED_DEVICE_FAMILY = 1;
			};
			name = Release;
		};
/* End XCBuildConfiguration section */

/* Begin XCConfigurationList section */
		321D480B2CAF6098007A0B20 /* Build configuration list for PBXProject "CuppaJoy" */ = {
			isa = XCConfigurationList;
			buildConfigurations = (
				321D481C2CAF6099007A0B20 /* Debug */,
				321D481D2CAF6099007A0B20 /* Release */,
			);
			defaultConfigurationIsVisible = 0;
			defaultConfigurationName = Release;
		};
		321D481E2CAF6099007A0B20 /* Build configuration list for PBXNativeTarget "CuppaJoy" */ = {
			isa = XCConfigurationList;
			buildConfigurations = (
				321D481F2CAF6099007A0B20 /* Debug */,
				321D48202CAF6099007A0B20 /* Release */,
			);
			defaultConfigurationIsVisible = 0;
			defaultConfigurationName = Release;
		};
/* End XCConfigurationList section */
	};
	rootObject = 321D48082CAF6098007A0B20 /* Project object */;
}
