// !$*UTF8*$!
{
	archiveVersion = 1;
	classes = {
	};
	objectVersion = 56;
	objects = {

/* Begin PBXBuildFile section */
		3209B2912CB08D4400814F7C /* SignInScreen.swift in Sources */ = {isa = PBXBuildFile; fileRef = 3209B2902CB08D4400814F7C /* SignInScreen.swift */; };
		32152D692CC8101A00F7AC37 /* OrderConfiguratorScreen.swift in Sources */ = {isa = PBXBuildFile; fileRef = 32152D682CC8101A00F7AC37 /* OrderConfiguratorScreen.swift */; };
		321D48142CAF6098007A0B20 /* CuppaJoyApp.swift in Sources */ = {isa = PBXBuildFile; fileRef = 321D48132CAF6098007A0B20 /* CuppaJoyApp.swift */; };
		321D48182CAF6099007A0B20 /* Assets.xcassets in Resources */ = {isa = PBXBuildFile; fileRef = 321D48172CAF6099007A0B20 /* Assets.xcassets */; };
		321D481B2CAF6099007A0B20 /* Preview Assets.xcassets in Resources */ = {isa = PBXBuildFile; fileRef = 321D481A2CAF6099007A0B20 /* Preview Assets.xcassets */; };
		32325EE02CB2B9490048E557 /* InputField.swift in Sources */ = {isa = PBXBuildFile; fileRef = 32325EDF2CB2B9490048E557 /* InputField.swift */; };
		32325EE22CB2C3EB0048E557 /* SignUpScreen.swift in Sources */ = {isa = PBXBuildFile; fileRef = 32325EE12CB2C3EB0048E557 /* SignUpScreen.swift */; };
		326108402CBAD3B10072D238 /* HomeScreen.swift in Sources */ = {isa = PBXBuildFile; fileRef = 3261083F2CBAD3B10072D238 /* HomeScreen.swift */; };
		32FF43AB2CC6CC9E001C0E0C /* ProfileScreen.swift in Sources */ = {isa = PBXBuildFile; fileRef = 32FF43AA2CC6CC9E001C0E0C /* ProfileScreen.swift */; };
		32FF43BB2CC6FA35001C0E0C /* AppMainTabView.swift in Sources */ = {isa = PBXBuildFile; fileRef = 32FF43BA2CC6FA35001C0E0C /* AppMainTabView.swift */; };
		50288ACA2CF7E73300DA7304 /* CoffeeSelectionView.swift in Sources */ = {isa = PBXBuildFile; fileRef = 50288AC92CF7E73300DA7304 /* CoffeeSelectionView.swift */; };
		50DFA8132D046D840058A4D4 /* UIWindow+Extension.swift in Sources */ = {isa = PBXBuildFile; fileRef = 50DFA8122D046D840058A4D4 /* UIWindow+Extension.swift */; };
		50DFA8232D04AC660058A4D4 /* HomeHeaderView.swift in Sources */ = {isa = PBXBuildFile; fileRef = 50DFA8222D04AC660058A4D4 /* HomeHeaderView.swift */; };
		D103DDC62DA1CF5B008EAA99 /* StaticProfileImageView.swift in Sources */ = {isa = PBXBuildFile; fileRef = D103DDC52DA1CF5B008EAA99 /* StaticProfileImageView.swift */; };
		D103DDC82DA1E4AF008EAA99 /* ReturnButtonLabel.swift in Sources */ = {isa = PBXBuildFile; fileRef = D103DDC72DA1E4AF008EAA99 /* ReturnButtonLabel.swift */; };
		D10A1BF92DAABDEB00F10EBA /* UserDefaults+Extension.swift in Sources */ = {isa = PBXBuildFile; fileRef = D10A1BF82DAABDEA00F10EBA /* UserDefaults+Extension.swift */; };
		D10DDF6B2DA7265F00D857E1 /* OrderStatus.swift in Sources */ = {isa = PBXBuildFile; fileRef = D10DDF6A2DA7265F00D857E1 /* OrderStatus.swift */; };
		D10DDF6F2DA72B7A00D857E1 /* PaymentMethod.swift in Sources */ = {isa = PBXBuildFile; fileRef = D10DDF6E2DA72B7A00D857E1 /* PaymentMethod.swift */; };
		D11435302D2EB790007078D9 /* ApplePayView.swift in Sources */ = {isa = PBXBuildFile; fileRef = D114352F2D2EB790007078D9 /* ApplePayView.swift */; };
		D11A71CB2D6A0B46007ECD20 /* ButtonLabelWithIcon.swift in Sources */ = {isa = PBXBuildFile; fileRef = D11A71CA2D6A0B46007ECD20 /* ButtonLabelWithIcon.swift */; };
		D1261C342D71F96500E8C19B /* ButtonLabelAnimated.swift in Sources */ = {isa = PBXBuildFile; fileRef = D1261C332D71F96500E8C19B /* ButtonLabelAnimated.swift */; };
		D1261C362D72011300E8C19B /* MockData.swift in Sources */ = {isa = PBXBuildFile; fileRef = D1261C352D72011200E8C19B /* MockData.swift */; };
		D12992EA2D9D21ED002D9A4C /* SettingsScreen.swift in Sources */ = {isa = PBXBuildFile; fileRef = D12992E92D9D21ED002D9A4C /* SettingsScreen.swift */; };
		D12992EC2D9D3460002D9A4C /* ButtonLabelShort.swift in Sources */ = {isa = PBXBuildFile; fileRef = D12992EB2D9D3460002D9A4C /* ButtonLabelShort.swift */; };
		D138A9472D6A85B000AB1257 /* OngoingOrderCell.swift in Sources */ = {isa = PBXBuildFile; fileRef = D138A9462D6A85AF00AB1257 /* OngoingOrderCell.swift */; };
		D138A9492D6A85BB00AB1257 /* ReceivedOrderCell.swift in Sources */ = {isa = PBXBuildFile; fileRef = D138A9482D6A85BB00AB1257 /* ReceivedOrderCell.swift */; };
		D1426EE72D4E5D5E00C78FE0 /* UIApplication+Extension.swift in Sources */ = {isa = PBXBuildFile; fileRef = D1426EE62D4E5D5D00C78FE0 /* UIApplication+Extension.swift */; };
		D14413342DB2D35200BE38C0 /* CoffeeConfigViewModel.swift in Sources */ = {isa = PBXBuildFile; fileRef = D14413332DB2D35200BE38C0 /* CoffeeConfigViewModel.swift */; };
		D14413362DB2D3FF00BE38C0 /* CoffeeConfig.swift in Sources */ = {isa = PBXBuildFile; fileRef = D14413352DB2D3FF00BE38C0 /* CoffeeConfig.swift */; };
		D148B8232D67D61F002F0344 /* OrderItemPicker.swift in Sources */ = {isa = PBXBuildFile; fileRef = D148B8222D67D61F002F0344 /* OrderItemPicker.swift */; };
		D148B8252D67D662002F0344 /* OrderItems.swift in Sources */ = {isa = PBXBuildFile; fileRef = D148B8242D67D662002F0344 /* OrderItems.swift */; };
		D1490D712D45652900230C54 /* OrderPaymentOptionsList.swift in Sources */ = {isa = PBXBuildFile; fileRef = D1490D702D45652900230C54 /* OrderPaymentOptionsList.swift */; };
		D15A87D12D66659300259382 /* Order.swift in Sources */ = {isa = PBXBuildFile; fileRef = D15A87D02D66659300259382 /* Order.swift */; };
		D15A87D42D6669D900259382 /* OrderSummaryScreen.swift in Sources */ = {isa = PBXBuildFile; fileRef = D15A87D32D6669D900259382 /* OrderSummaryScreen.swift */; };
		D161E8942D9B1D89003BBF78 /* ProfileImageEditorView.swift in Sources */ = {isa = PBXBuildFile; fileRef = D161E8932D9B1D89003BBF78 /* ProfileImageEditorView.swift */; };
		D161E8962D9B1DB3003BBF78 /* EditableProfileImageView.swift in Sources */ = {isa = PBXBuildFile; fileRef = D161E8952D9B1DB3003BBF78 /* EditableProfileImageView.swift */; };
		D161E8982D9B2B51003BBF78 /* InputContentType.swift in Sources */ = {isa = PBXBuildFile; fileRef = D161E8972D9B2B51003BBF78 /* InputContentType.swift */; };
		D161E89B2D9B2F4B003BBF78 /* GeneralScreen.swift in Sources */ = {isa = PBXBuildFile; fileRef = D161E89A2D9B2F4B003BBF78 /* GeneralScreen.swift */; };
		D16275252D903D4E0001D88C /* AlertManager.swift in Sources */ = {isa = PBXBuildFile; fileRef = D16275242D903D4E0001D88C /* AlertManager.swift */; };
		D17172782D6689A800B538F6 /* ButtonLabel.swift in Sources */ = {isa = PBXBuildFile; fileRef = D17172772D6689A800B538F6 /* ButtonLabel.swift */; };
		D1721E042D6F573F00A0CBF1 /* Coffee.swift in Sources */ = {isa = PBXBuildFile; fileRef = D1721E032D6F573F00A0CBF1 /* Coffee.swift */; };
		D1721E062D6F595500A0CBF1 /* CoffeeCatalogViewModel.swift in Sources */ = {isa = PBXBuildFile; fileRef = D1721E052D6F595500A0CBF1 /* CoffeeCatalogViewModel.swift */; };
		D174204A2D3D532D00FE1E2B /* OnboardingPage.swift in Sources */ = {isa = PBXBuildFile; fileRef = D17420492D3D532D00FE1E2B /* OnboardingPage.swift */; };
		D174B3112D6E4AB900188C69 /* SecuredInputField.swift in Sources */ = {isa = PBXBuildFile; fileRef = D174B3102D6E4AB900188C69 /* SecuredInputField.swift */; };
		D181356B2D4502BE00F77824 /* DismissButton.swift in Sources */ = {isa = PBXBuildFile; fileRef = D181356A2D4502BE00F77824 /* DismissButton.swift */; };
		D182F4A72D325A8C00A113E8 /* OnboardingScreen.swift in Sources */ = {isa = PBXBuildFile; fileRef = D182F4A62D325A8C00A113E8 /* OnboardingScreen.swift */; };
		D18C03262DBAB5FA000F79E2 /* CoffeeCatalogServiceProtocol.swift in Sources */ = {isa = PBXBuildFile; fileRef = D18C03252DBAB5FA000F79E2 /* CoffeeCatalogServiceProtocol.swift */; };
		D18C03282DBAB610000F79E2 /* CoffeeСatalogService.swift in Sources */ = {isa = PBXBuildFile; fileRef = D18C03272DBAB610000F79E2 /* CoffeeСatalogService.swift */; };
		D18C032A2DBAE430000F79E2 /* CoffeeConfigService.swift in Sources */ = {isa = PBXBuildFile; fileRef = D18C03292DBAE430000F79E2 /* CoffeeConfigService.swift */; };
		D18C032C2DBAE4C6000F79E2 /* CoffeeConfigServiceProtocol.swift in Sources */ = {isa = PBXBuildFile; fileRef = D18C032B2DBAE4C6000F79E2 /* CoffeeConfigServiceProtocol.swift */; };
		D194CEBB2D63833500CE409C /* GoogleService-Info.plist in Resources */ = {isa = PBXBuildFile; fileRef = D194CEBA2D63833500CE409C /* GoogleService-Info.plist */; };
		D194CEBF2D63842F00CE409C /* FirebaseAuth in Frameworks */ = {isa = PBXBuildFile; productRef = D194CEBE2D63842F00CE409C /* FirebaseAuth */; };
		D194CEC12D63843500CE409C /* FirebaseCore in Frameworks */ = {isa = PBXBuildFile; productRef = D194CEC02D63843500CE409C /* FirebaseCore */; };
		D194CEC32D63843B00CE409C /* FirebaseFirestore in Frameworks */ = {isa = PBXBuildFile; productRef = D194CEC22D63843B00CE409C /* FirebaseFirestore */; };
		D197C1F82D68A2CD00010474 /* OrderItemCounter.swift in Sources */ = {isa = PBXBuildFile; fileRef = D197C1F72D68A2CD00010474 /* OrderItemCounter.swift */; };
		D1A24CBF2D26512800B1632E /* OrderPaymentScreen.swift in Sources */ = {isa = PBXBuildFile; fileRef = D1A24CBE2D26512800B1632E /* OrderPaymentScreen.swift */; };
		D1AF8E192D67B2D2007382AF /* OrderViewModel.swift in Sources */ = {isa = PBXBuildFile; fileRef = D1AF8E182D67B2D2007382AF /* OrderViewModel.swift */; };
		D1B57CA42DAAA116007FF521 /* LaunchScreen.swift in Sources */ = {isa = PBXBuildFile; fileRef = D1B57CA32DAAA116007FF521 /* LaunchScreen.swift */; };
		D1B57CA62DAAB3A5007FF521 /* AppEntryRouter.swift in Sources */ = {isa = PBXBuildFile; fileRef = D1B57CA52DAAB3A5007FF521 /* AppEntryRouter.swift */; };
		D1BD90302D45746900F43A54 /* OrderPaymentOptionView.swift in Sources */ = {isa = PBXBuildFile; fileRef = D1BD902F2D45746900F43A54 /* OrderPaymentOptionView.swift */; };
		D1C803E22D91945700674C04 /* PasswordRecoveryScreen.swift in Sources */ = {isa = PBXBuildFile; fileRef = D1C803E12D91945700674C04 /* PasswordRecoveryScreen.swift */; };
		D1C859B62D20A55000DDB941 /* CoffeeSelectionCell.swift in Sources */ = {isa = PBXBuildFile; fileRef = D1C859B52D20A55000DDB941 /* CoffeeSelectionCell.swift */; };
		D1CD6C3B2D274B11007FF006 /* MyOrdersScreen.swift in Sources */ = {isa = PBXBuildFile; fileRef = D1CD6C3A2D274B11007FF006 /* MyOrdersScreen.swift */; };
		D1CDF6572D6B4EA60001CBE1 /* DetailedOrderView.swift in Sources */ = {isa = PBXBuildFile; fileRef = D1CDF6562D6B4EA60001CBE1 /* DetailedOrderView.swift */; };
		D1D1F1BB2D7474D800B7D035 /* EmailAndPasswordForm.swift in Sources */ = {isa = PBXBuildFile; fileRef = D1D1F1BA2D7474D800B7D035 /* EmailAndPasswordForm.swift */; };
		D1D58DDB2D731F4000BD54EE /* ButtonLabelWithIconAnimated.swift in Sources */ = {isa = PBXBuildFile; fileRef = D1D58DDA2D731F4000BD54EE /* ButtonLabelWithIconAnimated.swift */; };
		D1DD42392DAD903300F4FBD9 /* ButtonLabelWithIconShort.swift in Sources */ = {isa = PBXBuildFile; fileRef = D1DD42382DAD903300F4FBD9 /* ButtonLabelWithIconShort.swift */; };
		D1DD423B2DAD97AF00F4FBD9 /* View+Extension.swift in Sources */ = {isa = PBXBuildFile; fileRef = D1DD423A2DAD97AF00F4FBD9 /* View+Extension.swift */; };
		D1EACE842DA32E0A00484FEC /* CustomListCell.swift in Sources */ = {isa = PBXBuildFile; fileRef = D1EACE832DA32E0A00484FEC /* CustomListCell.swift */; };
		D1EC2FFC2D2637FA008E8265 /* Color+Extension.swift in Sources */ = {isa = PBXBuildFile; fileRef = D1EC2FFB2D2637FA008E8265 /* Color+Extension.swift */; };
		D1EF6E8F2DB5670400232718 /* ValidationServiceProtocol.swift in Sources */ = {isa = PBXBuildFile; fileRef = D1EF6E8E2DB5670400232718 /* ValidationServiceProtocol.swift */; };
		D1EF6E912DB5672500232718 /* ValidationService.swift in Sources */ = {isa = PBXBuildFile; fileRef = D1EF6E902DB5672500232718 /* ValidationService.swift */; };
		D1EF6EA22DB593ED00232718 /* City.swift in Sources */ = {isa = PBXBuildFile; fileRef = D1EF6EA12DB593ED00232718 /* City.swift */; };
		D1EF6EA42DB5A4B300232718 /* AuthServiceProtocol.swift in Sources */ = {isa = PBXBuildFile; fileRef = D1EF6EA32DB5A4B300232718 /* AuthServiceProtocol.swift */; };
		D1EF6EA62DB6681700232718 /* AuthService.swift in Sources */ = {isa = PBXBuildFile; fileRef = D1EF6EA52DB6681700232718 /* AuthService.swift */; };
		D1EF6EA82DB66D8F00232718 /* OrderServiceProtocol.swift in Sources */ = {isa = PBXBuildFile; fileRef = D1EF6EA72DB66D8F00232718 /* OrderServiceProtocol.swift */; };
		D1EF6EAA2DB66D9900232718 /* OrderService.swift in Sources */ = {isa = PBXBuildFile; fileRef = D1EF6EA92DB66D9900232718 /* OrderService.swift */; };
		D1F061032DAD590D00024160 /* RefreshButton.swift in Sources */ = {isa = PBXBuildFile; fileRef = D1F061022DAD590D00024160 /* RefreshButton.swift */; };
		D1FEA5262D6603C500B082D8 /* User.swift in Sources */ = {isa = PBXBuildFile; fileRef = D1FEA5252D6603C500B082D8 /* User.swift */; };
		D1FEA5302D661A2200B082D8 /* AuthViewModel.swift in Sources */ = {isa = PBXBuildFile; fileRef = D1FEA52F2D661A2200B082D8 /* AuthViewModel.swift */; };
/* End PBXBuildFile section */

/* Begin PBXFileReference section */
		3209B2902CB08D4400814F7C /* SignInScreen.swift */ = {isa = PBXFileReference; lastKnownFileType = sourcecode.swift; path = SignInScreen.swift; sourceTree = "<group>"; };
		32152D682CC8101A00F7AC37 /* OrderConfiguratorScreen.swift */ = {isa = PBXFileReference; lastKnownFileType = sourcecode.swift; path = OrderConfiguratorScreen.swift; sourceTree = "<group>"; };
		321D48102CAF6098007A0B20 /* CuppaJoy.app */ = {isa = PBXFileReference; explicitFileType = wrapper.application; includeInIndex = 0; path = CuppaJoy.app; sourceTree = BUILT_PRODUCTS_DIR; };
		321D48132CAF6098007A0B20 /* CuppaJoyApp.swift */ = {isa = PBXFileReference; lastKnownFileType = sourcecode.swift; path = CuppaJoyApp.swift; sourceTree = "<group>"; };
		321D48172CAF6099007A0B20 /* Assets.xcassets */ = {isa = PBXFileReference; lastKnownFileType = folder.assetcatalog; path = Assets.xcassets; sourceTree = "<group>"; };
		321D481A2CAF6099007A0B20 /* Preview Assets.xcassets */ = {isa = PBXFileReference; lastKnownFileType = folder.assetcatalog; path = "Preview Assets.xcassets"; sourceTree = "<group>"; };
		32325EDF2CB2B9490048E557 /* InputField.swift */ = {isa = PBXFileReference; lastKnownFileType = sourcecode.swift; path = InputField.swift; sourceTree = "<group>"; };
		32325EE12CB2C3EB0048E557 /* SignUpScreen.swift */ = {isa = PBXFileReference; lastKnownFileType = sourcecode.swift; path = SignUpScreen.swift; sourceTree = "<group>"; };
		324A9FD22CB0BB56007F6998 /* Info.plist */ = {isa = PBXFileReference; lastKnownFileType = text.plist.xml; path = Info.plist; sourceTree = "<group>"; };
		3261083F2CBAD3B10072D238 /* HomeScreen.swift */ = {isa = PBXFileReference; lastKnownFileType = sourcecode.swift; path = HomeScreen.swift; sourceTree = "<group>"; };
		32FF43AA2CC6CC9E001C0E0C /* ProfileScreen.swift */ = {isa = PBXFileReference; lastKnownFileType = sourcecode.swift; path = ProfileScreen.swift; sourceTree = "<group>"; };
		32FF43BA2CC6FA35001C0E0C /* AppMainTabView.swift */ = {isa = PBXFileReference; lastKnownFileType = sourcecode.swift; path = AppMainTabView.swift; sourceTree = "<group>"; };
		50288AC92CF7E73300DA7304 /* CoffeeSelectionView.swift */ = {isa = PBXFileReference; lastKnownFileType = sourcecode.swift; path = CoffeeSelectionView.swift; sourceTree = "<group>"; };
		50DFA8122D046D840058A4D4 /* UIWindow+Extension.swift */ = {isa = PBXFileReference; lastKnownFileType = sourcecode.swift; path = "UIWindow+Extension.swift"; sourceTree = "<group>"; };
		50DFA8222D04AC660058A4D4 /* HomeHeaderView.swift */ = {isa = PBXFileReference; lastKnownFileType = sourcecode.swift; path = HomeHeaderView.swift; sourceTree = "<group>"; };
		D103DDC52DA1CF5B008EAA99 /* StaticProfileImageView.swift */ = {isa = PBXFileReference; lastKnownFileType = sourcecode.swift; path = StaticProfileImageView.swift; sourceTree = "<group>"; };
		D103DDC72DA1E4AF008EAA99 /* ReturnButtonLabel.swift */ = {isa = PBXFileReference; lastKnownFileType = sourcecode.swift; path = ReturnButtonLabel.swift; sourceTree = "<group>"; };
		D10A1BF82DAABDEA00F10EBA /* UserDefaults+Extension.swift */ = {isa = PBXFileReference; lastKnownFileType = sourcecode.swift; path = "UserDefaults+Extension.swift"; sourceTree = "<group>"; };
		D10DDF6A2DA7265F00D857E1 /* OrderStatus.swift */ = {isa = PBXFileReference; lastKnownFileType = sourcecode.swift; path = OrderStatus.swift; sourceTree = "<group>"; };
		D10DDF6E2DA72B7A00D857E1 /* PaymentMethod.swift */ = {isa = PBXFileReference; lastKnownFileType = sourcecode.swift; path = PaymentMethod.swift; sourceTree = "<group>"; };
		D114352F2D2EB790007078D9 /* ApplePayView.swift */ = {isa = PBXFileReference; lastKnownFileType = sourcecode.swift; path = ApplePayView.swift; sourceTree = "<group>"; };
		D11A71CA2D6A0B46007ECD20 /* ButtonLabelWithIcon.swift */ = {isa = PBXFileReference; lastKnownFileType = sourcecode.swift; path = ButtonLabelWithIcon.swift; sourceTree = "<group>"; };
		D1261C332D71F96500E8C19B /* ButtonLabelAnimated.swift */ = {isa = PBXFileReference; lastKnownFileType = sourcecode.swift; path = ButtonLabelAnimated.swift; sourceTree = "<group>"; };
		D1261C352D72011200E8C19B /* MockData.swift */ = {isa = PBXFileReference; lastKnownFileType = sourcecode.swift; path = MockData.swift; sourceTree = "<group>"; };
		D12992E92D9D21ED002D9A4C /* SettingsScreen.swift */ = {isa = PBXFileReference; lastKnownFileType = sourcecode.swift; path = SettingsScreen.swift; sourceTree = "<group>"; };
		D12992EB2D9D3460002D9A4C /* ButtonLabelShort.swift */ = {isa = PBXFileReference; lastKnownFileType = sourcecode.swift; path = ButtonLabelShort.swift; sourceTree = "<group>"; };
		D138A9462D6A85AF00AB1257 /* OngoingOrderCell.swift */ = {isa = PBXFileReference; lastKnownFileType = sourcecode.swift; path = OngoingOrderCell.swift; sourceTree = "<group>"; };
		D138A9482D6A85BB00AB1257 /* ReceivedOrderCell.swift */ = {isa = PBXFileReference; lastKnownFileType = sourcecode.swift; path = ReceivedOrderCell.swift; sourceTree = "<group>"; };
		D1426EE62D4E5D5D00C78FE0 /* UIApplication+Extension.swift */ = {isa = PBXFileReference; lastKnownFileType = sourcecode.swift; path = "UIApplication+Extension.swift"; sourceTree = "<group>"; };
		D14413332DB2D35200BE38C0 /* CoffeeConfigViewModel.swift */ = {isa = PBXFileReference; lastKnownFileType = sourcecode.swift; path = CoffeeConfigViewModel.swift; sourceTree = "<group>"; };
		D14413352DB2D3FF00BE38C0 /* CoffeeConfig.swift */ = {isa = PBXFileReference; lastKnownFileType = sourcecode.swift; path = CoffeeConfig.swift; sourceTree = "<group>"; };
		D148B8222D67D61F002F0344 /* OrderItemPicker.swift */ = {isa = PBXFileReference; lastKnownFileType = sourcecode.swift; path = OrderItemPicker.swift; sourceTree = "<group>"; };
		D148B8242D67D662002F0344 /* OrderItems.swift */ = {isa = PBXFileReference; lastKnownFileType = sourcecode.swift; path = OrderItems.swift; sourceTree = "<group>"; };
		D1490D702D45652900230C54 /* OrderPaymentOptionsList.swift */ = {isa = PBXFileReference; lastKnownFileType = sourcecode.swift; path = OrderPaymentOptionsList.swift; sourceTree = "<group>"; };
		D15A87D02D66659300259382 /* Order.swift */ = {isa = PBXFileReference; lastKnownFileType = sourcecode.swift; path = Order.swift; sourceTree = "<group>"; };
		D15A87D32D6669D900259382 /* OrderSummaryScreen.swift */ = {isa = PBXFileReference; lastKnownFileType = sourcecode.swift; path = OrderSummaryScreen.swift; sourceTree = "<group>"; };
		D161E8932D9B1D89003BBF78 /* ProfileImageEditorView.swift */ = {isa = PBXFileReference; lastKnownFileType = sourcecode.swift; path = ProfileImageEditorView.swift; sourceTree = "<group>"; };
		D161E8952D9B1DB3003BBF78 /* EditableProfileImageView.swift */ = {isa = PBXFileReference; lastKnownFileType = sourcecode.swift; path = EditableProfileImageView.swift; sourceTree = "<group>"; };
		D161E8972D9B2B51003BBF78 /* InputContentType.swift */ = {isa = PBXFileReference; lastKnownFileType = sourcecode.swift; path = InputContentType.swift; sourceTree = "<group>"; };
		D161E89A2D9B2F4B003BBF78 /* GeneralScreen.swift */ = {isa = PBXFileReference; lastKnownFileType = sourcecode.swift; path = GeneralScreen.swift; sourceTree = "<group>"; };
		D16275242D903D4E0001D88C /* AlertManager.swift */ = {isa = PBXFileReference; lastKnownFileType = sourcecode.swift; path = AlertManager.swift; sourceTree = "<group>"; };
		D17172772D6689A800B538F6 /* ButtonLabel.swift */ = {isa = PBXFileReference; lastKnownFileType = sourcecode.swift; path = ButtonLabel.swift; sourceTree = "<group>"; };
		D1721E032D6F573F00A0CBF1 /* Coffee.swift */ = {isa = PBXFileReference; lastKnownFileType = sourcecode.swift; path = Coffee.swift; sourceTree = "<group>"; };
		D1721E052D6F595500A0CBF1 /* CoffeeCatalogViewModel.swift */ = {isa = PBXFileReference; lastKnownFileType = sourcecode.swift; path = CoffeeCatalogViewModel.swift; sourceTree = "<group>"; };
		D17420492D3D532D00FE1E2B /* OnboardingPage.swift */ = {isa = PBXFileReference; lastKnownFileType = sourcecode.swift; path = OnboardingPage.swift; sourceTree = "<group>"; };
		D174B3102D6E4AB900188C69 /* SecuredInputField.swift */ = {isa = PBXFileReference; lastKnownFileType = sourcecode.swift; path = SecuredInputField.swift; sourceTree = "<group>"; };
		D181356A2D4502BE00F77824 /* DismissButton.swift */ = {isa = PBXFileReference; lastKnownFileType = sourcecode.swift; path = DismissButton.swift; sourceTree = "<group>"; };
		D182F4A62D325A8C00A113E8 /* OnboardingScreen.swift */ = {isa = PBXFileReference; lastKnownFileType = sourcecode.swift; path = OnboardingScreen.swift; sourceTree = "<group>"; };
		D18C03252DBAB5FA000F79E2 /* CoffeeCatalogServiceProtocol.swift */ = {isa = PBXFileReference; lastKnownFileType = sourcecode.swift; path = CoffeeCatalogServiceProtocol.swift; sourceTree = "<group>"; };
		D18C03272DBAB610000F79E2 /* CoffeeСatalogService.swift */ = {isa = PBXFileReference; lastKnownFileType = sourcecode.swift; path = "CoffeeСatalogService.swift"; sourceTree = "<group>"; };
		D18C03292DBAE430000F79E2 /* CoffeeConfigService.swift */ = {isa = PBXFileReference; lastKnownFileType = sourcecode.swift; path = CoffeeConfigService.swift; sourceTree = "<group>"; };
		D18C032B2DBAE4C6000F79E2 /* CoffeeConfigServiceProtocol.swift */ = {isa = PBXFileReference; lastKnownFileType = sourcecode.swift; path = CoffeeConfigServiceProtocol.swift; sourceTree = "<group>"; };
		D194CEBA2D63833500CE409C /* GoogleService-Info.plist */ = {isa = PBXFileReference; lastKnownFileType = text.plist.xml; path = "GoogleService-Info.plist"; sourceTree = "<group>"; };
		D197C1F72D68A2CD00010474 /* OrderItemCounter.swift */ = {isa = PBXFileReference; lastKnownFileType = sourcecode.swift; path = OrderItemCounter.swift; sourceTree = "<group>"; };
		D1A24CBE2D26512800B1632E /* OrderPaymentScreen.swift */ = {isa = PBXFileReference; lastKnownFileType = sourcecode.swift; path = OrderPaymentScreen.swift; sourceTree = "<group>"; };
		D1AF8E182D67B2D2007382AF /* OrderViewModel.swift */ = {isa = PBXFileReference; lastKnownFileType = sourcecode.swift; path = OrderViewModel.swift; sourceTree = "<group>"; };
		D1B57CA32DAAA116007FF521 /* LaunchScreen.swift */ = {isa = PBXFileReference; lastKnownFileType = sourcecode.swift; path = LaunchScreen.swift; sourceTree = "<group>"; };
		D1B57CA52DAAB3A5007FF521 /* AppEntryRouter.swift */ = {isa = PBXFileReference; lastKnownFileType = sourcecode.swift; path = AppEntryRouter.swift; sourceTree = "<group>"; };
		D1BD902F2D45746900F43A54 /* OrderPaymentOptionView.swift */ = {isa = PBXFileReference; lastKnownFileType = sourcecode.swift; path = OrderPaymentOptionView.swift; sourceTree = "<group>"; };
		D1C803E12D91945700674C04 /* PasswordRecoveryScreen.swift */ = {isa = PBXFileReference; lastKnownFileType = sourcecode.swift; path = PasswordRecoveryScreen.swift; sourceTree = "<group>"; };
		D1C859B52D20A55000DDB941 /* CoffeeSelectionCell.swift */ = {isa = PBXFileReference; lastKnownFileType = sourcecode.swift; path = CoffeeSelectionCell.swift; sourceTree = "<group>"; };
		D1CD6C3A2D274B11007FF006 /* MyOrdersScreen.swift */ = {isa = PBXFileReference; lastKnownFileType = sourcecode.swift; path = MyOrdersScreen.swift; sourceTree = "<group>"; };
		D1CDF6562D6B4EA60001CBE1 /* DetailedOrderView.swift */ = {isa = PBXFileReference; lastKnownFileType = sourcecode.swift; path = DetailedOrderView.swift; sourceTree = "<group>"; };
		D1D1F1BA2D7474D800B7D035 /* EmailAndPasswordForm.swift */ = {isa = PBXFileReference; lastKnownFileType = sourcecode.swift; path = EmailAndPasswordForm.swift; sourceTree = "<group>"; };
		D1D58DDA2D731F4000BD54EE /* ButtonLabelWithIconAnimated.swift */ = {isa = PBXFileReference; lastKnownFileType = sourcecode.swift; path = ButtonLabelWithIconAnimated.swift; sourceTree = "<group>"; };
		D1DD42382DAD903300F4FBD9 /* ButtonLabelWithIconShort.swift */ = {isa = PBXFileReference; lastKnownFileType = sourcecode.swift; path = ButtonLabelWithIconShort.swift; sourceTree = "<group>"; };
		D1DD423A2DAD97AF00F4FBD9 /* View+Extension.swift */ = {isa = PBXFileReference; lastKnownFileType = sourcecode.swift; path = "View+Extension.swift"; sourceTree = "<group>"; };
		D1EACE832DA32E0A00484FEC /* CustomListCell.swift */ = {isa = PBXFileReference; lastKnownFileType = sourcecode.swift; path = CustomListCell.swift; sourceTree = "<group>"; };
		D1EC2FFB2D2637FA008E8265 /* Color+Extension.swift */ = {isa = PBXFileReference; lastKnownFileType = sourcecode.swift; path = "Color+Extension.swift"; sourceTree = "<group>"; };
		D1EF6E8E2DB5670400232718 /* ValidationServiceProtocol.swift */ = {isa = PBXFileReference; lastKnownFileType = sourcecode.swift; path = ValidationServiceProtocol.swift; sourceTree = "<group>"; };
		D1EF6E902DB5672500232718 /* ValidationService.swift */ = {isa = PBXFileReference; lastKnownFileType = sourcecode.swift; path = ValidationService.swift; sourceTree = "<group>"; };
		D1EF6EA12DB593ED00232718 /* City.swift */ = {isa = PBXFileReference; lastKnownFileType = sourcecode.swift; path = City.swift; sourceTree = "<group>"; };
		D1EF6EA32DB5A4B300232718 /* AuthServiceProtocol.swift */ = {isa = PBXFileReference; lastKnownFileType = sourcecode.swift; path = AuthServiceProtocol.swift; sourceTree = "<group>"; };
		D1EF6EA52DB6681700232718 /* AuthService.swift */ = {isa = PBXFileReference; lastKnownFileType = sourcecode.swift; path = AuthService.swift; sourceTree = "<group>"; };
		D1EF6EA72DB66D8F00232718 /* OrderServiceProtocol.swift */ = {isa = PBXFileReference; lastKnownFileType = sourcecode.swift; path = OrderServiceProtocol.swift; sourceTree = "<group>"; };
		D1EF6EA92DB66D9900232718 /* OrderService.swift */ = {isa = PBXFileReference; lastKnownFileType = sourcecode.swift; path = OrderService.swift; sourceTree = "<group>"; };
		D1F061022DAD590D00024160 /* RefreshButton.swift */ = {isa = PBXFileReference; lastKnownFileType = sourcecode.swift; path = RefreshButton.swift; sourceTree = "<group>"; };
		D1FEA5252D6603C500B082D8 /* User.swift */ = {isa = PBXFileReference; lastKnownFileType = sourcecode.swift; path = User.swift; sourceTree = "<group>"; };
		D1FEA52F2D661A2200B082D8 /* AuthViewModel.swift */ = {isa = PBXFileReference; lastKnownFileType = sourcecode.swift; path = AuthViewModel.swift; sourceTree = "<group>"; };
/* End PBXFileReference section */

/* Begin PBXFrameworksBuildPhase section */
		321D480D2CAF6098007A0B20 /* Frameworks */ = {
			isa = PBXFrameworksBuildPhase;
			buildActionMask = 2147483647;
			files = (
				D194CEC12D63843500CE409C /* FirebaseCore in Frameworks */,
				D194CEBF2D63842F00CE409C /* FirebaseAuth in Frameworks */,
				D194CEC32D63843B00CE409C /* FirebaseFirestore in Frameworks */,
			);
			runOnlyForDeploymentPostprocessing = 0;
		};
/* End PBXFrameworksBuildPhase section */

/* Begin PBXGroup section */
		321D48072CAF6098007A0B20 = {
			isa = PBXGroup;
			children = (
				321D48122CAF6098007A0B20 /* CuppaJoy */,
				D194CEBD2D63842F00CE409C /* Frameworks */,
				321D48112CAF6098007A0B20 /* Products */,
			);
			sourceTree = "<group>";
		};
		321D48112CAF6098007A0B20 /* Products */ = {
			isa = PBXGroup;
			children = (
				321D48102CAF6098007A0B20 /* CuppaJoy.app */,
			);
			name = Products;
			sourceTree = "<group>";
		};
		321D48122CAF6098007A0B20 /* CuppaJoy */ = {
			isa = PBXGroup;
			children = (
				D1C859CE2D20BD3C00DDB941 /* App */,
				D10DDF7A2DA7397C00D857E1 /* Core */,
				D1EF6E8B2DB5658A00232718 /* Services */,
				D1EF6EA02DB593CD00232718 /* Models */,
				D10DDF592DA7227000D857E1 /* Features */,
				D1C859D22D20C00000DDB941 /* Components */,
				D10DDF7C2DA739C700D857E1 /* Resources */,
			);
			path = CuppaJoy;
			sourceTree = "<group>";
		};
		321D48192CAF6099007A0B20 /* Preview Content */ = {
			isa = PBXGroup;
			children = (
				321D481A2CAF6099007A0B20 /* Preview Assets.xcassets */,
			);
			path = "Preview Content";
			sourceTree = "<group>";
		};
		3239D8FA2CB22BE50094D38B /* Extensions */ = {
			isa = PBXGroup;
			children = (
				50DFA8122D046D840058A4D4 /* UIWindow+Extension.swift */,
				D1426EE62D4E5D5D00C78FE0 /* UIApplication+Extension.swift */,
				D10A1BF82DAABDEA00F10EBA /* UserDefaults+Extension.swift */,
				D1EC2FFB2D2637FA008E8265 /* Color+Extension.swift */,
				D1DD423A2DAD97AF00F4FBD9 /* View+Extension.swift */,
			);
			path = Extensions;
			sourceTree = "<group>";
		};
		32FF43B72CC6F98C001C0E0C /* Buttons */ = {
			isa = PBXGroup;
			children = (
				D181356A2D4502BE00F77824 /* DismissButton.swift */,
				D1F061022DAD590D00024160 /* RefreshButton.swift */,
			);
			path = Buttons;
			sourceTree = "<group>";
		};
		50482B2D2D00D7A2006AE77A /* Profile */ = {
			isa = PBXGroup;
			children = (
				32FF43AA2CC6CC9E001C0E0C /* ProfileScreen.swift */,
				D161E8932D9B1D89003BBF78 /* ProfileImageEditorView.swift */,
				D103DDC52DA1CF5B008EAA99 /* StaticProfileImageView.swift */,
				D161E8952D9B1DB3003BBF78 /* EditableProfileImageView.swift */,
			);
			path = Profile;
			sourceTree = "<group>";
		};
		D10DDF592DA7227000D857E1 /* Features */ = {
			isa = PBXGroup;
			children = (
				D1B57CA22DAAA106007FF521 /* Launch */,
				D10DDF712DA733BE00D857E1 /* Onboarding */,
				D10DDF5D2DA722F200D857E1 /* Auth */,
				D10DDF5A2DA722AD00D857E1 /* Home */,
				D10DDF5B2DA722B700D857E1 /* Orders */,
				D10DDF5C2DA722CA00D857E1 /* General */,
				D10DDF722DA7354300D857E1 /* Settings */,
				50482B2D2D00D7A2006AE77A /* Profile */,
				D10DDF762DA738B100D857E1 /* Coffee */,
			);
			path = Features;
			sourceTree = "<group>";
		};
		D10DDF5A2DA722AD00D857E1 /* Home */ = {
			isa = PBXGroup;
			children = (
				D10DDF702DA7336200D857E1 /* Views */,
			);
			path = Home;
			sourceTree = "<group>";
		};
		D10DDF5B2DA722B700D857E1 /* Orders */ = {
			isa = PBXGroup;
			children = (
				D10DDF682DA724D600D857E1 /* Models */,
				D10DDF672DA724CD00D857E1 /* Views */,
				D10DDF692DA724DA00D857E1 /* ViewModels */,
			);
			path = Orders;
			sourceTree = "<group>";
		};
		D10DDF5C2DA722CA00D857E1 /* General */ = {
			isa = PBXGroup;
			children = (
				D10DDF652DA7249F00D857E1 /* Views */,
			);
			path = General;
			sourceTree = "<group>";
		};
		D10DDF5D2DA722F200D857E1 /* Auth */ = {
			isa = PBXGroup;
			children = (
				D10DDF5F2DA7231300D857E1 /* Views */,
				D10DDF602DA7231700D857E1 /* ViewModels */,
			);
			path = Auth;
			sourceTree = "<group>";
		};
		D10DDF5F2DA7231300D857E1 /* Views */ = {
			isa = PBXGroup;
			children = (
				D10DDF612DA7239300D857E1 /* SignIn */,
				D10DDF622DA723AC00D857E1 /* SignUp */,
			);
			path = Views;
			sourceTree = "<group>";
		};
		D10DDF602DA7231700D857E1 /* ViewModels */ = {
			isa = PBXGroup;
			children = (
				D1FEA52F2D661A2200B082D8 /* AuthViewModel.swift */,
			);
			path = ViewModels;
			sourceTree = "<group>";
		};
		D10DDF612DA7239300D857E1 /* SignIn */ = {
			isa = PBXGroup;
			children = (
				3209B2902CB08D4400814F7C /* SignInScreen.swift */,
				D10DDF642DA7241400D857E1 /* Forms */,
				D10DDF632DA723E600D857E1 /* PasswordRecovery */,
			);
			path = SignIn;
			sourceTree = "<group>";
		};
		D10DDF622DA723AC00D857E1 /* SignUp */ = {
			isa = PBXGroup;
			children = (
				32325EE12CB2C3EB0048E557 /* SignUpScreen.swift */,
			);
			path = SignUp;
			sourceTree = "<group>";
		};
		D10DDF632DA723E600D857E1 /* PasswordRecovery */ = {
			isa = PBXGroup;
			children = (
				D1C803E12D91945700674C04 /* PasswordRecoveryScreen.swift */,
			);
			path = PasswordRecovery;
			sourceTree = "<group>";
		};
		D10DDF642DA7241400D857E1 /* Forms */ = {
			isa = PBXGroup;
			children = (
				D1D1F1BA2D7474D800B7D035 /* EmailAndPasswordForm.swift */,
			);
			path = Forms;
			sourceTree = "<group>";
		};
		D10DDF652DA7249F00D857E1 /* Views */ = {
			isa = PBXGroup;
			children = (
				D161E89A2D9B2F4B003BBF78 /* GeneralScreen.swift */,
			);
			path = Views;
			sourceTree = "<group>";
		};
		D10DDF672DA724CD00D857E1 /* Views */ = {
			isa = PBXGroup;
			children = (
				D10DDF6C2DA726B300D857E1 /* MyOrders */,
				D1C859B82D20A6A500DDB941 /* OrderConfigurator */,
				D197C1F92D68B98900010474 /* OrderSummary */,
				D10DDF6D2DA72B3700D857E1 /* OrderPayment */,
			);
			path = Views;
			sourceTree = "<group>";
		};
		D10DDF682DA724D600D857E1 /* Models */ = {
			isa = PBXGroup;
			children = (
				D15A87D02D66659300259382 /* Order.swift */,
			);
			path = Models;
			sourceTree = "<group>";
		};
		D10DDF692DA724DA00D857E1 /* ViewModels */ = {
			isa = PBXGroup;
			children = (
				D1AF8E182D67B2D2007382AF /* OrderViewModel.swift */,
			);
			path = ViewModels;
			sourceTree = "<group>";
		};
		D10DDF6C2DA726B300D857E1 /* MyOrders */ = {
			isa = PBXGroup;
			children = (
				D1CD6C3A2D274B11007FF006 /* MyOrdersScreen.swift */,
				D10DDF6A2DA7265F00D857E1 /* OrderStatus.swift */,
				D138A9462D6A85AF00AB1257 /* OngoingOrderCell.swift */,
				D138A9482D6A85BB00AB1257 /* ReceivedOrderCell.swift */,
				D1CDF6562D6B4EA60001CBE1 /* DetailedOrderView.swift */,
			);
			path = MyOrders;
			sourceTree = "<group>";
		};
		D10DDF6D2DA72B3700D857E1 /* OrderPayment */ = {
			isa = PBXGroup;
			children = (
				D1A24CBE2D26512800B1632E /* OrderPaymentScreen.swift */,
				D1BD902F2D45746900F43A54 /* OrderPaymentOptionView.swift */,
				D1490D702D45652900230C54 /* OrderPaymentOptionsList.swift */,
				D114352F2D2EB790007078D9 /* ApplePayView.swift */,
				D10DDF6E2DA72B7A00D857E1 /* PaymentMethod.swift */,
			);
			path = OrderPayment;
			sourceTree = "<group>";
		};
		D10DDF702DA7336200D857E1 /* Views */ = {
			isa = PBXGroup;
			children = (
				3261083F2CBAD3B10072D238 /* HomeScreen.swift */,
				50DFA8222D04AC660058A4D4 /* HomeHeaderView.swift */,
			);
			path = Views;
			sourceTree = "<group>";
		};
		D10DDF712DA733BE00D857E1 /* Onboarding */ = {
			isa = PBXGroup;
			children = (
				D182F4A62D325A8C00A113E8 /* OnboardingScreen.swift */,
				D17420492D3D532D00FE1E2B /* OnboardingPage.swift */,
			);
			path = Onboarding;
			sourceTree = "<group>";
		};
		D10DDF722DA7354300D857E1 /* Settings */ = {
			isa = PBXGroup;
			children = (
				D10DDF732DA7359A00D857E1 /* Views */,
			);
			path = Settings;
			sourceTree = "<group>";
		};
		D10DDF732DA7359A00D857E1 /* Views */ = {
			isa = PBXGroup;
			children = (
				D12992E92D9D21ED002D9A4C /* SettingsScreen.swift */,
			);
			path = Views;
			sourceTree = "<group>";
		};
		D10DDF762DA738B100D857E1 /* Coffee */ = {
			isa = PBXGroup;
			children = (
				D10DDF792DA738C600D857E1 /* Models */,
				D10DDF782DA738C000D857E1 /* Views */,
				D10DDF772DA738B900D857E1 /* ViewModels */,
			);
			path = Coffee;
			sourceTree = "<group>";
		};
		D10DDF772DA738B900D857E1 /* ViewModels */ = {
			isa = PBXGroup;
			children = (
				D1721E052D6F595500A0CBF1 /* CoffeeCatalogViewModel.swift */,
				D14413332DB2D35200BE38C0 /* CoffeeConfigViewModel.swift */,
			);
			path = ViewModels;
			sourceTree = "<group>";
		};
		D10DDF782DA738C000D857E1 /* Views */ = {
			isa = PBXGroup;
			children = (
				50288AC92CF7E73300DA7304 /* CoffeeSelectionView.swift */,
				D1C859B52D20A55000DDB941 /* CoffeeSelectionCell.swift */,
			);
			path = Views;
			sourceTree = "<group>";
		};
		D10DDF792DA738C600D857E1 /* Models */ = {
			isa = PBXGroup;
			children = (
				D1721E032D6F573F00A0CBF1 /* Coffee.swift */,
				D14413352DB2D3FF00BE38C0 /* CoffeeConfig.swift */,
			);
			path = Models;
			sourceTree = "<group>";
		};
		D10DDF7A2DA7397C00D857E1 /* Core */ = {
			isa = PBXGroup;
			children = (
				3239D8FA2CB22BE50094D38B /* Extensions */,
				D10DDF7B2DA739A200D857E1 /* Alerts */,
			);
			path = Core;
			sourceTree = "<group>";
		};
		D10DDF7B2DA739A200D857E1 /* Alerts */ = {
			isa = PBXGroup;
			children = (
				D16275242D903D4E0001D88C /* AlertManager.swift */,
			);
			path = Alerts;
			sourceTree = "<group>";
		};
		D10DDF7C2DA739C700D857E1 /* Resources */ = {
			isa = PBXGroup;
			children = (
				D1C859D12D20BEEC00DDB941 /* Assets */,
			);
			path = Resources;
			sourceTree = "<group>";
		};
		D137D4672DA8FFF400B7B637 /* Inputs */ = {
			isa = PBXGroup;
			children = (
				D161E8972D9B2B51003BBF78 /* InputContentType.swift */,
				32325EDF2CB2B9490048E557 /* InputField.swift */,
				D174B3102D6E4AB900188C69 /* SecuredInputField.swift */,
			);
			path = Inputs;
			sourceTree = "<group>";
		};
		D17172762D66895800B538F6 /* Labels */ = {
			isa = PBXGroup;
			children = (
				D17172772D6689A800B538F6 /* ButtonLabel.swift */,
				D11A71CA2D6A0B46007ECD20 /* ButtonLabelWithIcon.swift */,
				D1261C332D71F96500E8C19B /* ButtonLabelAnimated.swift */,
				D1D58DDA2D731F4000BD54EE /* ButtonLabelWithIconAnimated.swift */,
				D12992EB2D9D3460002D9A4C /* ButtonLabelShort.swift */,
				D1DD42382DAD903300F4FBD9 /* ButtonLabelWithIconShort.swift */,
				D103DDC72DA1E4AF008EAA99 /* ReturnButtonLabel.swift */,
			);
			path = Labels;
			sourceTree = "<group>";
		};
		D194CEBD2D63842F00CE409C /* Frameworks */ = {
			isa = PBXGroup;
			children = (
			);
			name = Frameworks;
			sourceTree = "<group>";
		};
		D197C1F92D68B98900010474 /* OrderSummary */ = {
			isa = PBXGroup;
			children = (
				D15A87D32D6669D900259382 /* OrderSummaryScreen.swift */,
			);
			path = OrderSummary;
			sourceTree = "<group>";
		};
		D1B57CA22DAAA106007FF521 /* Launch */ = {
			isa = PBXGroup;
			children = (
				D1B57CA32DAAA116007FF521 /* LaunchScreen.swift */,
			);
			path = Launch;
			sourceTree = "<group>";
		};
		D1C859B82D20A6A500DDB941 /* OrderConfigurator */ = {
			isa = PBXGroup;
			children = (
				32152D682CC8101A00F7AC37 /* OrderConfiguratorScreen.swift */,
				D148B8222D67D61F002F0344 /* OrderItemPicker.swift */,
				D197C1F72D68A2CD00010474 /* OrderItemCounter.swift */,
				D148B8242D67D662002F0344 /* OrderItems.swift */,
			);
			path = OrderConfigurator;
			sourceTree = "<group>";
		};
		D1C859CE2D20BD3C00DDB941 /* App */ = {
			isa = PBXGroup;
			children = (
				D1B57CA52DAAB3A5007FF521 /* AppEntryRouter.swift */,
				32FF43BA2CC6FA35001C0E0C /* AppMainTabView.swift */,
				321D48132CAF6098007A0B20 /* CuppaJoyApp.swift */,
				324A9FD22CB0BB56007F6998 /* Info.plist */,
				D194CEBA2D63833500CE409C /* GoogleService-Info.plist */,
			);
			path = App;
			sourceTree = "<group>";
		};
		D1C859D12D20BEEC00DDB941 /* Assets */ = {
			isa = PBXGroup;
			children = (
				321D48172CAF6099007A0B20 /* Assets.xcassets */,
				321D48192CAF6099007A0B20 /* Preview Content */,
			);
			path = Assets;
			sourceTree = "<group>";
		};
		D1C859D22D20C00000DDB941 /* Components */ = {
			isa = PBXGroup;
			children = (
				D137D4672DA8FFF400B7B637 /* Inputs */,
				D17172762D66895800B538F6 /* Labels */,
				D1EACE822DA32DC100484FEC /* Cells */,
				32FF43B72CC6F98C001C0E0C /* Buttons */,
			);
			path = Components;
			sourceTree = "<group>";
		};
		D1EACE822DA32DC100484FEC /* Cells */ = {
			isa = PBXGroup;
			children = (
				D1EACE832DA32E0A00484FEC /* CustomListCell.swift */,
			);
			path = Cells;
			sourceTree = "<group>";
		};
		D1EF6E8B2DB5658A00232718 /* Services */ = {
			isa = PBXGroup;
			children = (
				D1EF6E8C2DB5659D00232718 /* Implementation */,
				D1EF6E8D2DB5661C00232718 /* Protocols */,
			);
			path = Services;
			sourceTree = "<group>";
		};
		D1EF6E8C2DB5659D00232718 /* Implementation */ = {
			isa = PBXGroup;
			children = (
				D18C03292DBAE430000F79E2 /* CoffeeConfigService.swift */,
				D18C03272DBAB610000F79E2 /* CoffeeСatalogService.swift */,
				D1EF6EA92DB66D9900232718 /* OrderService.swift */,
				D1EF6E902DB5672500232718 /* ValidationService.swift */,
				D1EF6EA52DB6681700232718 /* AuthService.swift */,
			);
			path = Implementation;
			sourceTree = "<group>";
		};
		D1EF6E8D2DB5661C00232718 /* Protocols */ = {
			isa = PBXGroup;
			children = (
				D18C032B2DBAE4C6000F79E2 /* CoffeeConfigServiceProtocol.swift */,
				D18C03252DBAB5FA000F79E2 /* CoffeeCatalogServiceProtocol.swift */,
				D1EF6EA72DB66D8F00232718 /* OrderServiceProtocol.swift */,
				D1EF6E8E2DB5670400232718 /* ValidationServiceProtocol.swift */,
				D1EF6EA32DB5A4B300232718 /* AuthServiceProtocol.swift */,
			);
			path = Protocols;
			sourceTree = "<group>";
		};
		D1EF6EA02DB593CD00232718 /* Models */ = {
			isa = PBXGroup;
			children = (
				D1FEA5252D6603C500B082D8 /* User.swift */,
				D1EF6EA12DB593ED00232718 /* City.swift */,
				D1261C352D72011200E8C19B /* MockData.swift */,
			);
			path = Models;
			sourceTree = "<group>";
		};
/* End PBXGroup section */

/* Begin PBXNativeTarget section */
		321D480F2CAF6098007A0B20 /* CuppaJoy */ = {
			isa = PBXNativeTarget;
			buildConfigurationList = 321D481E2CAF6099007A0B20 /* Build configuration list for PBXNativeTarget "CuppaJoy" */;
			buildPhases = (
				321D480C2CAF6098007A0B20 /* Sources */,
				321D480D2CAF6098007A0B20 /* Frameworks */,
				321D480E2CAF6098007A0B20 /* Resources */,
			);
			buildRules = (
			);
			dependencies = (
			);
			name = CuppaJoy;
			productName = CuppaJoy;
			productReference = 321D48102CAF6098007A0B20 /* CuppaJoy.app */;
			productType = "com.apple.product-type.application";
		};
/* End PBXNativeTarget section */

/* Begin PBXProject section */
		321D48082CAF6098007A0B20 /* Project object */ = {
			isa = PBXProject;
			attributes = {
				BuildIndependentTargetsInParallel = 1;
				LastSwiftUpdateCheck = 1540;
				LastUpgradeCheck = 1540;
				TargetAttributes = {
					321D480F2CAF6098007A0B20 = {
						CreatedOnToolsVersion = 15.4;
					};
				};
			};
			buildConfigurationList = 321D480B2CAF6098007A0B20 /* Build configuration list for PBXProject "CuppaJoy" */;
			compatibilityVersion = "Xcode 14.0";
			developmentRegion = en;
			hasScannedForEncodings = 0;
			knownRegions = (
				en,
				Base,
			);
			mainGroup = 321D48072CAF6098007A0B20;
			packageReferences = (
				D194CEBC2D63835400CE409C /* XCRemoteSwiftPackageReference "firebase-ios-sdk" */,
			);
			productRefGroup = 321D48112CAF6098007A0B20 /* Products */;
			projectDirPath = "";
			projectRoot = "";
			targets = (
				321D480F2CAF6098007A0B20 /* CuppaJoy */,
			);
		};
/* End PBXProject section */

/* Begin PBXResourcesBuildPhase section */
		321D480E2CAF6098007A0B20 /* Resources */ = {
			isa = PBXResourcesBuildPhase;
			buildActionMask = 2147483647;
			files = (
				321D481B2CAF6099007A0B20 /* Preview Assets.xcassets in Resources */,
				321D48182CAF6099007A0B20 /* Assets.xcassets in Resources */,
				D194CEBB2D63833500CE409C /* GoogleService-Info.plist in Resources */,
			);
			runOnlyForDeploymentPostprocessing = 0;
		};
/* End PBXResourcesBuildPhase section */

/* Begin PBXSourcesBuildPhase section */
		321D480C2CAF6098007A0B20 /* Sources */ = {
			isa = PBXSourcesBuildPhase;
			buildActionMask = 2147483647;
			files = (
				D10A1BF92DAABDEB00F10EBA /* UserDefaults+Extension.swift in Sources */,
				D1F061032DAD590D00024160 /* RefreshButton.swift in Sources */,
				D103DDC82DA1E4AF008EAA99 /* ReturnButtonLabel.swift in Sources */,
				D161E8962D9B1DB3003BBF78 /* EditableProfileImageView.swift in Sources */,
				D1A24CBF2D26512800B1632E /* OrderPaymentScreen.swift in Sources */,
				D10DDF6B2DA7265F00D857E1 /* OrderStatus.swift in Sources */,
				D148B8232D67D61F002F0344 /* OrderItemPicker.swift in Sources */,
				D138A9472D6A85B000AB1257 /* OngoingOrderCell.swift in Sources */,
				D1CDF6572D6B4EA60001CBE1 /* DetailedOrderView.swift in Sources */,
				D12992EC2D9D3460002D9A4C /* ButtonLabelShort.swift in Sources */,
				D1DD42392DAD903300F4FBD9 /* ButtonLabelWithIconShort.swift in Sources */,
				D15A87D12D66659300259382 /* Order.swift in Sources */,
				D161E8982D9B2B51003BBF78 /* InputContentType.swift in Sources */,
				D15A87D42D6669D900259382 /* OrderSummaryScreen.swift in Sources */,
				D1B57CA42DAAA116007FF521 /* LaunchScreen.swift in Sources */,
				D138A9492D6A85BB00AB1257 /* ReceivedOrderCell.swift in Sources */,
				D1B57CA62DAAB3A5007FF521 /* AppEntryRouter.swift in Sources */,
				D1D1F1BB2D7474D800B7D035 /* EmailAndPasswordForm.swift in Sources */,
				D1D58DDB2D731F4000BD54EE /* ButtonLabelWithIconAnimated.swift in Sources */,
				50DFA8232D04AC660058A4D4 /* HomeHeaderView.swift in Sources */,
				D1DD423B2DAD97AF00F4FBD9 /* View+Extension.swift in Sources */,
				321D48142CAF6098007A0B20 /* CuppaJoyApp.swift in Sources */,
				D1EF6EA82DB66D8F00232718 /* OrderServiceProtocol.swift in Sources */,
				D18C03282DBAB610000F79E2 /* CoffeeСatalogService.swift in Sources */,
				D1C803E22D91945700674C04 /* PasswordRecoveryScreen.swift in Sources */,
				D16275252D903D4E0001D88C /* AlertManager.swift in Sources */,
				D182F4A72D325A8C00A113E8 /* OnboardingScreen.swift in Sources */,
				D1EF6EA42DB5A4B300232718 /* AuthServiceProtocol.swift in Sources */,
				D14413362DB2D3FF00BE38C0 /* CoffeeConfig.swift in Sources */,
				D1EF6EA22DB593ED00232718 /* City.swift in Sources */,
				50DFA8132D046D840058A4D4 /* UIWindow+Extension.swift in Sources */,
				D174204A2D3D532D00FE1E2B /* OnboardingPage.swift in Sources */,
				32152D692CC8101A00F7AC37 /* OrderConfiguratorScreen.swift in Sources */,
				D1EF6EA62DB6681700232718 /* AuthService.swift in Sources */,
				D14413342DB2D35200BE38C0 /* CoffeeConfigViewModel.swift in Sources */,
				D1C859B62D20A55000DDB941 /* CoffeeSelectionCell.swift in Sources */,
				D1490D712D45652900230C54 /* OrderPaymentOptionsList.swift in Sources */,
				D1EF6EAA2DB66D9900232718 /* OrderService.swift in Sources */,
				D1261C342D71F96500E8C19B /* ButtonLabelAnimated.swift in Sources */,
				D197C1F82D68A2CD00010474 /* OrderItemCounter.swift in Sources */,
				D148B8252D67D662002F0344 /* OrderItems.swift in Sources */,
				3209B2912CB08D4400814F7C /* SignInScreen.swift in Sources */,
				D11A71CB2D6A0B46007ECD20 /* ButtonLabelWithIcon.swift in Sources */,
				D1261C362D72011300E8C19B /* MockData.swift in Sources */,
				D103DDC62DA1CF5B008EAA99 /* StaticProfileImageView.swift in Sources */,
				D12992EA2D9D21ED002D9A4C /* SettingsScreen.swift in Sources */,
				50288ACA2CF7E73300DA7304 /* CoffeeSelectionView.swift in Sources */,
				D1AF8E192D67B2D2007382AF /* OrderViewModel.swift in Sources */,
				D161E8942D9B1D89003BBF78 /* ProfileImageEditorView.swift in Sources */,
				D1EC2FFC2D2637FA008E8265 /* Color+Extension.swift in Sources */,
				D18C032A2DBAE430000F79E2 /* CoffeeConfigService.swift in Sources */,
				32FF43BB2CC6FA35001C0E0C /* AppMainTabView.swift in Sources */,
				32FF43AB2CC6CC9E001C0E0C /* ProfileScreen.swift in Sources */,
				D1FEA5262D6603C500B082D8 /* User.swift in Sources */,
				326108402CBAD3B10072D238 /* HomeScreen.swift in Sources */,
				D1CD6C3B2D274B11007FF006 /* MyOrdersScreen.swift in Sources */,
				D161E89B2D9B2F4B003BBF78 /* GeneralScreen.swift in Sources */,
				D174B3112D6E4AB900188C69 /* SecuredInputField.swift in Sources */,
				D181356B2D4502BE00F77824 /* DismissButton.swift in Sources */,
				D10DDF6F2DA72B7A00D857E1 /* PaymentMethod.swift in Sources */,
				32325EE02CB2B9490048E557 /* InputField.swift in Sources */,
				D1426EE72D4E5D5E00C78FE0 /* UIApplication+Extension.swift in Sources */,
				D18C03262DBAB5FA000F79E2 /* CoffeeCatalogServiceProtocol.swift in Sources */,
				D1EF6E912DB5672500232718 /* ValidationService.swift in Sources */,
				D11435302D2EB790007078D9 /* ApplePayView.swift in Sources */,
				D1EF6E8F2DB5670400232718 /* ValidationServiceProtocol.swift in Sources */,
				D1721E042D6F573F00A0CBF1 /* Coffee.swift in Sources */,
				32325EE22CB2C3EB0048E557 /* SignUpScreen.swift in Sources */,
				D1FEA5302D661A2200B082D8 /* AuthViewModel.swift in Sources */,
				D18C032C2DBAE4C6000F79E2 /* CoffeeConfigServiceProtocol.swift in Sources */,
				D1EACE842DA32E0A00484FEC /* CustomListCell.swift in Sources */,
				D17172782D6689A800B538F6 /* ButtonLabel.swift in Sources */,
				D1BD90302D45746900F43A54 /* OrderPaymentOptionView.swift in Sources */,
				D1721E062D6F595500A0CBF1 /* CoffeeCatalogViewModel.swift in Sources */,
			);
			runOnlyForDeploymentPostprocessing = 0;
		};
/* End PBXSourcesBuildPhase section */

/* Begin XCBuildConfiguration section */
		321D481C2CAF6099007A0B20 /* Debug */ = {
			isa = XCBuildConfiguration;
			buildSettings = {
				ALWAYS_SEARCH_USER_PATHS = NO;
				ASSETCATALOG_COMPILER_GENERATE_SWIFT_ASSET_SYMBOL_EXTENSIONS = YES;
				CLANG_ANALYZER_NONNULL = YES;
				CLANG_ANALYZER_NUMBER_OBJECT_CONVERSION = YES_AGGRESSIVE;
				CLANG_CXX_LANGUAGE_STANDARD = "gnu++20";
				CLANG_ENABLE_MODULES = YES;
				CLANG_ENABLE_OBJC_ARC = YES;
				CLANG_ENABLE_OBJC_WEAK = YES;
				CLANG_WARN_BLOCK_CAPTURE_AUTORELEASING = YES;
				CLANG_WARN_BOOL_CONVERSION = YES;
				CLANG_WARN_COMMA = YES;
				CLANG_WARN_CONSTANT_CONVERSION = YES;
				CLANG_WARN_DEPRECATED_OBJC_IMPLEMENTATIONS = YES;
				CLANG_WARN_DIRECT_OBJC_ISA_USAGE = YES_ERROR;
				CLANG_WARN_DOCUMENTATION_COMMENTS = YES;
				CLANG_WARN_EMPTY_BODY = YES;
				CLANG_WARN_ENUM_CONVERSION = YES;
				CLANG_WARN_INFINITE_RECURSION = YES;
				CLANG_WARN_INT_CONVERSION = YES;
				CLANG_WARN_NON_LITERAL_NULL_CONVERSION = YES;
				CLANG_WARN_OBJC_IMPLICIT_RETAIN_SELF = YES;
				CLANG_WARN_OBJC_LITERAL_CONVERSION = YES;
				CLANG_WARN_OBJC_ROOT_CLASS = YES_ERROR;
				CLANG_WARN_QUOTED_INCLUDE_IN_FRAMEWORK_HEADER = YES;
				CLANG_WARN_RANGE_LOOP_ANALYSIS = YES;
				CLANG_WARN_STRICT_PROTOTYPES = YES;
				CLANG_WARN_SUSPICIOUS_MOVE = YES;
				CLANG_WARN_UNGUARDED_AVAILABILITY = YES_AGGRESSIVE;
				CLANG_WARN_UNREACHABLE_CODE = YES;
				CLANG_WARN__DUPLICATE_METHOD_MATCH = YES;
				COPY_PHASE_STRIP = NO;
				DEBUG_INFORMATION_FORMAT = dwarf;
				ENABLE_STRICT_OBJC_MSGSEND = YES;
				ENABLE_TESTABILITY = YES;
				ENABLE_USER_SCRIPT_SANDBOXING = YES;
				GCC_C_LANGUAGE_STANDARD = gnu17;
				GCC_DYNAMIC_NO_PIC = NO;
				GCC_NO_COMMON_BLOCKS = YES;
				GCC_OPTIMIZATION_LEVEL = 0;
				GCC_PREPROCESSOR_DEFINITIONS = (
					"DEBUG=1",
					"$(inherited)",
				);
				GCC_WARN_64_TO_32_BIT_CONVERSION = YES;
				GCC_WARN_ABOUT_RETURN_TYPE = YES_ERROR;
				GCC_WARN_UNDECLARED_SELECTOR = YES;
				GCC_WARN_UNINITIALIZED_AUTOS = YES_AGGRESSIVE;
				GCC_WARN_UNUSED_FUNCTION = YES;
				GCC_WARN_UNUSED_VARIABLE = YES;
				IPHONEOS_DEPLOYMENT_TARGET = 17.6;
				LOCALIZATION_PREFERS_STRING_CATALOGS = YES;
				MTL_ENABLE_DEBUG_INFO = INCLUDE_SOURCE;
				MTL_FAST_MATH = YES;
				ONLY_ACTIVE_ARCH = YES;
				SDKROOT = iphoneos;
				SWIFT_ACTIVE_COMPILATION_CONDITIONS = "DEBUG $(inherited)";
				SWIFT_OPTIMIZATION_LEVEL = "-Onone";
			};
			name = Debug;
		};
		321D481D2CAF6099007A0B20 /* Release */ = {
			isa = XCBuildConfiguration;
			buildSettings = {
				ALWAYS_SEARCH_USER_PATHS = NO;
				ASSETCATALOG_COMPILER_GENERATE_SWIFT_ASSET_SYMBOL_EXTENSIONS = YES;
				CLANG_ANALYZER_NONNULL = YES;
				CLANG_ANALYZER_NUMBER_OBJECT_CONVERSION = YES_AGGRESSIVE;
				CLANG_CXX_LANGUAGE_STANDARD = "gnu++20";
				CLANG_ENABLE_MODULES = YES;
				CLANG_ENABLE_OBJC_ARC = YES;
				CLANG_ENABLE_OBJC_WEAK = YES;
				CLANG_WARN_BLOCK_CAPTURE_AUTORELEASING = YES;
				CLANG_WARN_BOOL_CONVERSION = YES;
				CLANG_WARN_COMMA = YES;
				CLANG_WARN_CONSTANT_CONVERSION = YES;
				CLANG_WARN_DEPRECATED_OBJC_IMPLEMENTATIONS = YES;
				CLANG_WARN_DIRECT_OBJC_ISA_USAGE = YES_ERROR;
				CLANG_WARN_DOCUMENTATION_COMMENTS = YES;
				CLANG_WARN_EMPTY_BODY = YES;
				CLANG_WARN_ENUM_CONVERSION = YES;
				CLANG_WARN_INFINITE_RECURSION = YES;
				CLANG_WARN_INT_CONVERSION = YES;
				CLANG_WARN_NON_LITERAL_NULL_CONVERSION = YES;
				CLANG_WARN_OBJC_IMPLICIT_RETAIN_SELF = YES;
				CLANG_WARN_OBJC_LITERAL_CONVERSION = YES;
				CLANG_WARN_OBJC_ROOT_CLASS = YES_ERROR;
				CLANG_WARN_QUOTED_INCLUDE_IN_FRAMEWORK_HEADER = YES;
				CLANG_WARN_RANGE_LOOP_ANALYSIS = YES;
				CLANG_WARN_STRICT_PROTOTYPES = YES;
				CLANG_WARN_SUSPICIOUS_MOVE = YES;
				CLANG_WARN_UNGUARDED_AVAILABILITY = YES_AGGRESSIVE;
				CLANG_WARN_UNREACHABLE_CODE = YES;
				CLANG_WARN__DUPLICATE_METHOD_MATCH = YES;
				COPY_PHASE_STRIP = NO;
				DEBUG_INFORMATION_FORMAT = "dwarf-with-dsym";
				ENABLE_NS_ASSERTIONS = NO;
				ENABLE_STRICT_OBJC_MSGSEND = YES;
				ENABLE_USER_SCRIPT_SANDBOXING = YES;
				GCC_C_LANGUAGE_STANDARD = gnu17;
				GCC_NO_COMMON_BLOCKS = YES;
				GCC_WARN_64_TO_32_BIT_CONVERSION = YES;
				GCC_WARN_ABOUT_RETURN_TYPE = YES_ERROR;
				GCC_WARN_UNDECLARED_SELECTOR = YES;
				GCC_WARN_UNINITIALIZED_AUTOS = YES_AGGRESSIVE;
				GCC_WARN_UNUSED_FUNCTION = YES;
				GCC_WARN_UNUSED_VARIABLE = YES;
				IPHONEOS_DEPLOYMENT_TARGET = 17.6;
				LOCALIZATION_PREFERS_STRING_CATALOGS = YES;
				MTL_ENABLE_DEBUG_INFO = NO;
				MTL_FAST_MATH = YES;
				SDKROOT = iphoneos;
				SWIFT_COMPILATION_MODE = wholemodule;
				VALIDATE_PRODUCT = YES;
			};
			name = Release;
		};
		321D481F2CAF6099007A0B20 /* Debug */ = {
			isa = XCBuildConfiguration;
			buildSettings = {
				ASSETCATALOG_COMPILER_APPICON_NAME = AppIcon;
				ASSETCATALOG_COMPILER_GLOBAL_ACCENT_COLOR_NAME = AccentColor;
				CODE_SIGN_IDENTITY = "Apple Development";
				CODE_SIGN_STYLE = Automatic;
				CURRENT_PROJECT_VERSION = 1;
				DEVELOPMENT_ASSET_PATHS = "\"CuppaJoy/Resources/Assets/Preview Content\"";
				DEVELOPMENT_TEAM = 5C7T379SKG;
				ENABLE_PREVIEWS = YES;
				GENERATE_INFOPLIST_FILE = YES;
				INFOPLIST_FILE = CuppaJoy/App/Info.plist;
				INFOPLIST_KEY_LSApplicationCategoryType = "public.app-category.food-and-drink";
				INFOPLIST_KEY_UIApplicationSceneManifest_Generation = YES;
				INFOPLIST_KEY_UIApplicationSupportsIndirectInputEvents = YES;
				INFOPLIST_KEY_UILaunchScreen_Generation = YES;
				INFOPLIST_KEY_UISupportedInterfaceOrientations = UIInterfaceOrientationPortrait;
				INFOPLIST_KEY_UISupportedInterfaceOrientations_iPad = "UIInterfaceOrientationLandscapeLeft UIInterfaceOrientationLandscapeRight UIInterfaceOrientationPortrait UIInterfaceOrientationPortraitUpsideDown";
				IPHONEOS_DEPLOYMENT_TARGET = 17.6;
				LD_RUNPATH_SEARCH_PATHS = (
					"$(inherited)",
					"@executable_path/Frameworks",
				);
				MARKETING_VERSION = 1.0;
				PRODUCT_BUNDLE_IDENTIFIER = com.alexandr1anov.CuppaJoy;
				PRODUCT_NAME = "$(TARGET_NAME)";
				PROVISIONING_PROFILE_SPECIFIER = "";
				SUPPORTED_PLATFORMS = "iphoneos iphonesimulator";
				SUPPORTS_MACCATALYST = NO;
				SUPPORTS_MAC_DESIGNED_FOR_IPHONE_IPAD = NO;
				SUPPORTS_XR_DESIGNED_FOR_IPHONE_IPAD = NO;
				SWIFT_EMIT_LOC_STRINGS = YES;
				SWIFT_VERSION = 5.0;
				TARGETED_DEVICE_FAMILY = 1;
			};
			name = Debug;
		};
		321D48202CAF6099007A0B20 /* Release */ = {
			isa = XCBuildConfiguration;
			buildSettings = {
				ASSETCATALOG_COMPILER_APPICON_NAME = AppIcon;
				ASSETCATALOG_COMPILER_GLOBAL_ACCENT_COLOR_NAME = AccentColor;
				CODE_SIGN_IDENTITY = "Apple Development";
				CODE_SIGN_STYLE = Automatic;
				CURRENT_PROJECT_VERSION = 1;
				DEVELOPMENT_ASSET_PATHS = "\"CuppaJoy/Resources/Assets/Preview Content\"";
				DEVELOPMENT_TEAM = 5C7T379SKG;
				ENABLE_PREVIEWS = YES;
				GENERATE_INFOPLIST_FILE = YES;
				INFOPLIST_FILE = CuppaJoy/App/Info.plist;
				INFOPLIST_KEY_LSApplicationCategoryType = "public.app-category.food-and-drink";
				INFOPLIST_KEY_UIApplicationSceneManifest_Generation = YES;
				INFOPLIST_KEY_UIApplicationSupportsIndirectInputEvents = YES;
				INFOPLIST_KEY_UILaunchScreen_Generation = YES;
				INFOPLIST_KEY_UISupportedInterfaceOrientations = UIInterfaceOrientationPortrait;
				INFOPLIST_KEY_UISupportedInterfaceOrientations_iPad = "UIInterfaceOrientationLandscapeLeft UIInterfaceOrientationLandscapeRight UIInterfaceOrientationPortrait UIInterfaceOrientationPortraitUpsideDown";
				IPHONEOS_DEPLOYMENT_TARGET = 17.6;
				LD_RUNPATH_SEARCH_PATHS = (
					"$(inherited)",
					"@executable_path/Frameworks",
				);
				MARKETING_VERSION = 1.0;
				PRODUCT_BUNDLE_IDENTIFIER = com.alexandr1anov.CuppaJoy;
				PRODUCT_NAME = "$(TARGET_NAME)";
				PROVISIONING_PROFILE_SPECIFIER = "";
				SUPPORTED_PLATFORMS = "iphoneos iphonesimulator";
				SUPPORTS_MACCATALYST = NO;
				SUPPORTS_MAC_DESIGNED_FOR_IPHONE_IPAD = NO;
				SUPPORTS_XR_DESIGNED_FOR_IPHONE_IPAD = NO;
				SWIFT_EMIT_LOC_STRINGS = YES;
				SWIFT_VERSION = 5.0;
				TARGETED_DEVICE_FAMILY = 1;
			};
			name = Release;
		};
/* End XCBuildConfiguration section */

/* Begin XCConfigurationList section */
		321D480B2CAF6098007A0B20 /* Build configuration list for PBXProject "CuppaJoy" */ = {
			isa = XCConfigurationList;
			buildConfigurations = (
				321D481C2CAF6099007A0B20 /* Debug */,
				321D481D2CAF6099007A0B20 /* Release */,
			);
			defaultConfigurationIsVisible = 0;
			defaultConfigurationName = Release;
		};
		321D481E2CAF6099007A0B20 /* Build configuration list for PBXNativeTarget "CuppaJoy" */ = {
			isa = XCConfigurationList;
			buildConfigurations = (
				321D481F2CAF6099007A0B20 /* Debug */,
				321D48202CAF6099007A0B20 /* Release */,
			);
			defaultConfigurationIsVisible = 0;
			defaultConfigurationName = Release;
		};
/* End XCConfigurationList section */

/* Begin XCRemoteSwiftPackageReference section */
		D194CEBC2D63835400CE409C /* XCRemoteSwiftPackageReference "firebase-ios-sdk" */ = {
			isa = XCRemoteSwiftPackageReference;
			repositoryURL = "https://github.com/firebase/firebase-ios-sdk";
			requirement = {
				kind = upToNextMajorVersion;
				minimumVersion = 11.8.1;
			};
		};
/* End XCRemoteSwiftPackageReference section */

/* Begin XCSwiftPackageProductDependency section */
		D194CEBE2D63842F00CE409C /* FirebaseAuth */ = {
			isa = XCSwiftPackageProductDependency;
			package = D194CEBC2D63835400CE409C /* XCRemoteSwiftPackageReference "firebase-ios-sdk" */;
			productName = FirebaseAuth;
		};
		D194CEC02D63843500CE409C /* FirebaseCore */ = {
			isa = XCSwiftPackageProductDependency;
			package = D194CEBC2D63835400CE409C /* XCRemoteSwiftPackageReference "firebase-ios-sdk" */;
			productName = FirebaseCore;
		};
		D194CEC22D63843B00CE409C /* FirebaseFirestore */ = {
			isa = XCSwiftPackageProductDependency;
			package = D194CEBC2D63835400CE409C /* XCRemoteSwiftPackageReference "firebase-ios-sdk" */;
			productName = FirebaseFirestore;
		};
/* End XCSwiftPackageProductDependency section */
	};
	rootObject = 321D48082CAF6098007A0B20 /* Project object */;
}
